// !$*UTF8*$!
{
	archiveVersion = 1;
	classes = {
	};
	objectVersion = 77;
	objects = {

/* Begin PBXBuildFile section */
		012A908F931882DD890614B2 /* View+applyStyle.swift in Sources */ = {isa = PBXBuildFile; fileRef = 3F48EE507BE5717827E66370 /* View+applyStyle.swift */; };
		01ADA6E7EBFB0C2E08947A88 /* GlassEffect.swift in Sources */ = {isa = PBXBuildFile; fileRef = C9B91C791769375E46E850C9 /* GlassEffect.swift */; };
		06A063A6900BF8B769136A5D /* VoltraNode+Parameters.swift in Sources */ = {isa = PBXBuildFile; fileRef = A56A171A7505F64C6C3581F9 /* VoltraNode+Parameters.swift */; };
		079A223121BB60F3A672A2A5 /* VoltraActivity.swift in Sources */ = {isa = PBXBuildFile; fileRef = 139C5E8E4D1461E15AEDA46C /* VoltraActivity.swift */; };
		07EDC177D1F2F6907CA58350 /* VoltraZStack.swift in Sources */ = {isa = PBXBuildFile; fileRef = F660CCDC6B087EB9F3736F7D /* VoltraZStack.swift */; };
		0852E7DF4CA5A88809D8634A /* RenderingStyle.swift in Sources */ = {isa = PBXBuildFile; fileRef = 198A530168F166095381D7A6 /* RenderingStyle.swift */; };
		0862EDAC1433FE0BEC3577FA /* DividerParameters.swift in Sources */ = {isa = PBXBuildFile; fileRef = A9D7B0E4833065A1EE20543B /* DividerParameters.swift */; };
		093FE60767117BD50E11D090 /* VoltraOptions.swift in Sources */ = {isa = PBXBuildFile; fileRef = E32E947F4729D0EB5F3E7DEE /* VoltraOptions.swift */; };
		1055AD79316764D0331C1381 /* FontVariant.swift in Sources */ = {isa = PBXBuildFile; fileRef = 2D802A10C9E30A9ADE597313 /* FontVariant.swift */; };
		125043F4A029A4F388EE42B2 /* LinearProgressViewParameters.swift in Sources */ = {isa = PBXBuildFile; fileRef = 84D46088D8183917A2954AA8 /* LinearProgressViewParameters.swift */; };
		1332DA1887B1812A39BCACD1 /* MaskParameters.swift in Sources */ = {isa = PBXBuildFile; fileRef = 211AF7A9EB88AA17532A7069 /* MaskParameters.swift */; };
		142FA46ED230A6BA8829C530 /* VoltraCircularProgressView.swift in Sources */ = {isa = PBXBuildFile; fileRef = 47E8AE63B85A7BD2EE211764 /* VoltraCircularProgressView.swift */; };
		186576E3E8F8A5B45667C5B2 /* VSplitViewParameters.swift in Sources */ = {isa = PBXBuildFile; fileRef = 60E4F9944E6E2CDF06B37427 /* VSplitViewParameters.swift */; };
		18BC756CA853DDE41A779A4C /* VoltraAttributes.swift in Sources */ = {isa = PBXBuildFile; fileRef = E6D6C0747C0A4F63C33A7735 /* VoltraAttributes.swift */; };
		18F5657CA8C529F48E529039 /* BoxParameters.swift in Sources */ = {isa = PBXBuildFile; fileRef = BB4D8FAA0E37BDCE626E9EEA /* BoxParameters.swift */; };
		197F07A6CD95F2F9BEA7E78B /* VoltraPayloadMigrator.swift in Sources */ = {isa = PBXBuildFile; fileRef = D29494FE9308EE5AB41A8386 /* VoltraPayloadMigrator.swift */; };
		1A6438C5867B7ED9DBCD365B /* HSplitViewParameters.swift in Sources */ = {isa = PBXBuildFile; fileRef = E51832C5C6B97B0878B4E5C5 /* HSplitViewParameters.swift */; };
		1AF6F5C461835E1FE15945E7 /* FlexEnvironment.swift in Sources */ = {isa = PBXBuildFile; fileRef = 471ECBDA67AC9A24AB7EF680 /* FlexEnvironment.swift */; };
		1BD8FF0E828F920FC77EBA38 /* GlassEffect.swift in Sources */ = {isa = PBXBuildFile; fileRef = C9B91C791769375E46E850C9 /* GlassEffect.swift */; };
		1C9F365A68FCF9B16128F1CF /* FlexEnvironment.swift in Sources */ = {isa = PBXBuildFile; fileRef = 471ECBDA67AC9A24AB7EF680 /* FlexEnvironment.swift */; };
		1D5C262681925027488B7B09 /* HStackParameters.swift in Sources */ = {isa = PBXBuildFile; fileRef = BC1B8DD8853C44DEA73BDE7F /* HStackParameters.swift */; };
		1E01E7E09DCD58DC5F04A9F0 /* VoltraInteractionIntent.swift in Sources */ = {isa = PBXBuildFile; fileRef = 5E1B2930AE9365842241458A /* VoltraInteractionIntent.swift */; };
		1EAAD47A2B5612FDCD7E0CAF /* VoltraText.swift in Sources */ = {isa = PBXBuildFile; fileRef = D994F886E936D123A955CA40 /* VoltraText.swift */; };
		1FAD314452553A2E95A19864 /* MaskParameters.swift in Sources */ = {isa = PBXBuildFile; fileRef = 211AF7A9EB88AA17532A7069 /* MaskParameters.swift */; };
		209BC4A7D662D239E1804352 /* VoltraDivider.swift in Sources */ = {isa = PBXBuildFile; fileRef = 4AD9277E4D60906F7D62CB8D /* VoltraDivider.swift */; };
		2139BA088D13881E58D2C66D /* VoltraFlexView.swift in Sources */ = {isa = PBXBuildFile; fileRef = A0726501C83A2F9FE4032AD1 /* VoltraFlexView.swift */; };
		213B052E10EAC0E786C2AB07 /* VoltraNode+Parameters.swift in Sources */ = {isa = PBXBuildFile; fileRef = A56A171A7505F64C6C3581F9 /* VoltraNode+Parameters.swift */; };
		217F011F84A1DEB1A5B4D304 /* ComponentTypeID.swift in Sources */ = {isa = PBXBuildFile; fileRef = D01D0808C0A1D40140FEB965 /* ComponentTypeID.swift */; };
		23858C5127E89B37E71AEEAB /* VoltraProgressDriver.swift in Sources */ = {isa = PBXBuildFile; fileRef = 9A0D46AA2BD4480B4AFEF7BD /* VoltraProgressDriver.swift */; };
		248A97F12E48C458086FE22F /* JSGradientParser.swift in Sources */ = {isa = PBXBuildFile; fileRef = 24F6E62B6CAADC64789EF65F /* JSGradientParser.swift */; };
		26307435B80FAE364AD399E6 /* VoltraRegion.swift in Sources */ = {isa = PBXBuildFile; fileRef = 95786E401F485B1D41D38620 /* VoltraRegion.swift */; };
		29323F3666D19FE83C189E41 /* AndroidCheckBoxParameters.swift in Sources */ = {isa = PBXBuildFile; fileRef = C6DC2C55370679ED387C13E5 /* AndroidCheckBoxParameters.swift */; };
		2B5EE081387358EAFFAD5942 /* VoltraImage.swift in Sources */ = {isa = PBXBuildFile; fileRef = 838BA1F34DB04F78E0DD6A16 /* VoltraImage.swift */; };
		2BFAACD989A1BA3FC544AA4F /* GroupBoxParameters.swift in Sources */ = {isa = PBXBuildFile; fileRef = DDBDB386849AA493DE7FD881 /* GroupBoxParameters.swift */; };
		2C9B1722B04118EB21FF9A92 /* VoltraAttributes.swift in Sources */ = {isa = PBXBuildFile; fileRef = E6D6C0747C0A4F63C33A7735 /* VoltraAttributes.swift */; };
		2D316EC7DC9F98B88ABBEDF0 /* VoltraDeepLinkResolver.swift in Sources */ = {isa = PBXBuildFile; fileRef = CF38EE8765B585B11BEC7AFE /* VoltraDeepLinkResolver.swift */; };
		2F19DF86185DAFCD023D388E /* VoltraLynxModule.swift in Sources */ = {isa = PBXBuildFile; fileRef = 28B0ED9691037B21CF87062F /* VoltraLynxModule.swift */; };
		30B6AC14215A22A0583345A7 /* GaugeParameters.swift in Sources */ = {isa = PBXBuildFile; fileRef = 04D5C818FF7EFFED9651D835 /* GaugeParameters.swift */; };
		31F0D2920DAD203545002D19 /* AndroidRadioButtonParameters.swift in Sources */ = {isa = PBXBuildFile; fileRef = 2D3CEB6A9D42B85029DBFF01 /* AndroidRadioButtonParameters.swift */; };
		3267F6CB2E52C11E61436EC3 /* VoltraText.swift in Sources */ = {isa = PBXBuildFile; fileRef = D994F886E936D123A955CA40 /* VoltraText.swift */; };
		34CB6DFAEBF796200AFF87D5 /* VoltraToggle.swift in Sources */ = {isa = PBXBuildFile; fileRef = CEDED892726BD17F111FCD53 /* VoltraToggle.swift */; };
		3516CBD30589EDF2DD100EB3 /* JSColorParser.swift in Sources */ = {isa = PBXBuildFile; fileRef = 5D95A56383A1F3957C501734 /* JSColorParser.swift */; };
		3B7093093921F7C03B21E63D /* ScrollViewParameters.swift in Sources */ = {isa = PBXBuildFile; fileRef = D3BF8622496E4F446DE4819C /* ScrollViewParameters.swift */; };
		3C1AE624BFA0B19821179B72 /* VoltraSpacer.swift in Sources */ = {isa = PBXBuildFile; fileRef = 585B4C34BF5DEDC261311817 /* VoltraSpacer.swift */; };
		3C4B8C1BCBD633B43EE8A8C6 /* VoltraVStack.swift in Sources */ = {isa = PBXBuildFile; fileRef = D07CB809C407AD0654A3F7DF /* VoltraVStack.swift */; };
		3D1BF56BAD0BB0AD18A6B7CB /* VoltraHStack.swift in Sources */ = {isa = PBXBuildFile; fileRef = F99CE67AA6DC7EF101852CBC /* VoltraHStack.swift */; };
		3D88CB88980D308FB7B1415D /* FormParameters.swift in Sources */ = {isa = PBXBuildFile; fileRef = 992E387E2A565EB125DFD8DB /* FormParameters.swift */; };
		3EE71C1B17D5D6F781C932EF /* Data+hexString.swift in Sources */ = {isa = PBXBuildFile; fileRef = 5121C7FEFCD89466C6B148AB /* Data+hexString.swift */; };
		3F6E3D9804027464CBC18E47 /* ComponentParameters.swift in Sources */ = {isa = PBXBuildFile; fileRef = F9ABE842F938BBE818472BC6 /* ComponentParameters.swift */; };
		40A896BF9EE798432F5AA543 /* VStackParameters.swift in Sources */ = {isa = PBXBuildFile; fileRef = D51A052DC2F74E271920B6AE /* VStackParameters.swift */; };
		41A2C560255CA5C088A749C7 /* VoltraLiveActivityService.swift in Sources */ = {isa = PBXBuildFile; fileRef = 23B50F4DE754B5BAC6D7E084 /* VoltraLiveActivityService.swift */; };
		42DF803B1F663946B42F0AA0 /* VoltraLiveActivityPayload.swift in Sources */ = {isa = PBXBuildFile; fileRef = C01C4ED5567CBEC94363BE89 /* VoltraLiveActivityPayload.swift */; };
		42F45FBBA070DC114F17F636 /* VoltraElement.swift in Sources */ = {isa = PBXBuildFile; fileRef = F14D03BA8AA600A9598EC56F /* VoltraElement.swift */; };
		4507B95CAB63E010C70605DE /* LinearGradientParameters.swift in Sources */ = {isa = PBXBuildFile; fileRef = E04E47A3A3A05E310A1C2451 /* LinearGradientParameters.swift */; };
		45DF05B6580A53BD0FF18E5E /* LayoutStyle.swift in Sources */ = {isa = PBXBuildFile; fileRef = 31515EEE5AB58A9F09DBFC5D /* LayoutStyle.swift */; };
		4774FF95855E194F3E8D54D6 /* ChartParameters.swift in Sources */ = {isa = PBXBuildFile; fileRef = DA89555480A5F4D279E92923 /* ChartParameters.swift */; };
		481FF0087257A5BF5CBA0297 /* VoltraWidgetService.swift in Sources */ = {isa = PBXBuildFile; fileRef = 7AE3F1734C972F05C9857820 /* VoltraWidgetService.swift */; };
		494C85E5E99A54FC91614A53 /* Data+hexString.swift in Sources */ = {isa = PBXBuildFile; fileRef = 5121C7FEFCD89466C6B148AB /* Data+hexString.swift */; };
		4B8EBF2E7C442E15E8F8D756 /* VoltraEventBus.swift in Sources */ = {isa = PBXBuildFile; fileRef = 3AFA73A75620D17F3BA8690A /* VoltraEventBus.swift */; };
		4C7635E0899AF7762F0344F3 /* VoltraWidget.swift in Sources */ = {isa = PBXBuildFile; fileRef = 565FEA52BAA7FBFF49173FB3 /* VoltraWidget.swift */; };
		4D00607E884DB0149A997F3D /* VoltraSpacer.swift in Sources */ = {isa = PBXBuildFile; fileRef = 585B4C34BF5DEDC261311817 /* VoltraSpacer.swift */; };
		4D12FA7D99DEF699696B6238 /* BackgroundValue.swift in Sources */ = {isa = PBXBuildFile; fileRef = CC0989CB16A459ABEEA9DA87 /* BackgroundValue.swift */; };
		4D65634CF49543638353945E /* View.modifiers.swift in Sources */ = {isa = PBXBuildFile; fileRef = 312447C52865B93299FD97ED /* View.modifiers.swift */; };
		4E61C940055DFD490DEBE4FF /* VoltraPersistentEventQueue.swift in Sources */ = {isa = PBXBuildFile; fileRef = 87162D4B375DACAD3AE89ACD /* VoltraPersistentEventQueue.swift */; };
		4FA6820163B3E0FDBA4C0453 /* AndroidSwitchParameters.swift in Sources */ = {isa = PBXBuildFile; fileRef = 4146C1D75A9C81AF580F7C6B /* AndroidSwitchParameters.swift */; };
		50B969157A01D77D490524CC /* VoltraRefreshIntent.swift in Sources */ = {isa = PBXBuildFile; fileRef = 0C4EB01F8E73AB324176FBFA /* VoltraRefreshIntent.swift */; };
		50D66B4F26099A564A3D3C21 /* TimerParameters.swift in Sources */ = {isa = PBXBuildFile; fileRef = EB63644323E583227F09AF39 /* TimerParameters.swift */; };
		5445E74A7A6E7BFFFB922DB6 /* AppDelegate.swift in Sources */ = {isa = PBXBuildFile; fileRef = 4BD924796FBB8A6747843C0D /* AppDelegate.swift */; };
		5447A8832C0C08891CB0440A /* BrotliCompression.swift in Sources */ = {isa = PBXBuildFile; fileRef = A2F841CE63A7014F36FEDB29 /* BrotliCompression.swift */; };
		5448A82CE35A3D7C754550E7 /* VoltraFlexStackLayout.swift in Sources */ = {isa = PBXBuildFile; fileRef = 8447515348454ABAE21C1A78 /* VoltraFlexStackLayout.swift */; };
		56E87666385FE28CD80C9B00 /* ImageParameters.swift in Sources */ = {isa = PBXBuildFile; fileRef = 989DC7300E507FDBC6651D04 /* ImageParameters.swift */; };
		5811A78AA05107BDE828EE48 /* ImageParameters.swift in Sources */ = {isa = PBXBuildFile; fileRef = 989DC7300E507FDBC6651D04 /* ImageParameters.swift */; };
		59273F25072A50473AC88D4C /* VoltraFlexView.swift in Sources */ = {isa = PBXBuildFile; fileRef = A0726501C83A2F9FE4032AD1 /* VoltraFlexView.swift */; };
		5977150BCC42FD9EB15580FF /* VoltraPersistentEventQueue.swift in Sources */ = {isa = PBXBuildFile; fileRef = 87162D4B375DACAD3AE89ACD /* VoltraPersistentEventQueue.swift */; };
		5A1C02EE84D740B216E74A2A /* TextStyle.swift in Sources */ = {isa = PBXBuildFile; fileRef = 290CFE12CE9E046D9B81477D /* TextStyle.swift */; };
		5C0C9CFB4820173026D2B825 /* JSONValue.swift in Sources */ = {isa = PBXBuildFile; fileRef = 2BFCA27B41D8A6BD4D7999A3 /* JSONValue.swift */; };
		5C3EE5209E16855C24024BCC /* VoltraImageStore.swift in Sources */ = {isa = PBXBuildFile; fileRef = 34DD7B95278463C52AD57B2F /* VoltraImageStore.swift */; };
		5CCDCCCF16DD7099CF99A94E /* LabelParameters.swift in Sources */ = {isa = PBXBuildFile; fileRef = 9852A2608256AF25447EE3B3 /* LabelParameters.swift */; };
		5D612C271B51554431FA603D /* VoltraPayloadMigrator.swift in Sources */ = {isa = PBXBuildFile; fileRef = D29494FE9308EE5AB41A8386 /* VoltraPayloadMigrator.swift */; };
		5EBF751190A1260124A8FF30 /* DisclosureGroupParameters.swift in Sources */ = {isa = PBXBuildFile; fileRef = 3A1E68EE4DBC6B1B631D9272 /* DisclosureGroupParameters.swift */; };
		5F825F4D8E1F9F484AE83CA5 /* NavigationViewParameters.swift in Sources */ = {isa = PBXBuildFile; fileRef = 3E648F7244EE907917241077 /* NavigationViewParameters.swift */; };
		5FF4215AEBF0499311FF26D4 /* BrotliCompression.swift in Sources */ = {isa = PBXBuildFile; fileRef = A2F841CE63A7014F36FEDB29 /* BrotliCompression.swift */; };
		606599B473843243C8DC5243 /* JSStyleParser.swift in Sources */ = {isa = PBXBuildFile; fileRef = E8B399FDEE57A20E655C5C24 /* JSStyleParser.swift */; };
		616D6B4F6D690D9E54744FF7 /* VoltraInteractionIntent.swift in Sources */ = {isa = PBXBuildFile; fileRef = 5E1B2930AE9365842241458A /* VoltraInteractionIntent.swift */; };
		61E4A45F0095C4D6F2A4B988 /* FontVariant.swift in Sources */ = {isa = PBXBuildFile; fileRef = 2D802A10C9E30A9ADE597313 /* FontVariant.swift */; };
		62BE6528A69692381DCB7D24 /* Date+toTimerInterval.swift in Sources */ = {isa = PBXBuildFile; fileRef = 5AB55A2FAE1597E810CE129B /* Date+toTimerInterval.swift */; };
		63000634260226796C425D62 /* SpacerParameters.swift in Sources */ = {isa = PBXBuildFile; fileRef = D63320835DE5B2820818675F /* SpacerParameters.swift */; };
		645D0A6AFECA8BDDBE1407AD /* StyleConverter.swift in Sources */ = {isa = PBXBuildFile; fileRef = 99C31BB77FAAEC61E28AFBA7 /* StyleConverter.swift */; };
		652BA20127F725EC9987FBE7 /* LinkParameters.swift in Sources */ = {isa = PBXBuildFile; fileRef = 6B9F9AA274859AA769C44F8C /* LinkParameters.swift */; };
		65B7B54D417A307A3A6BFB46 /* LinearGradientParameters.swift in Sources */ = {isa = PBXBuildFile; fileRef = E04E47A3A3A05E310A1C2451 /* LinearGradientParameters.swift */; };
		666B3D1CE3290DB463C2F24D /* BoxParameters.swift in Sources */ = {isa = PBXBuildFile; fileRef = BB4D8FAA0E37BDCE626E9EEA /* BoxParameters.swift */; };
		678E0C9DAAE587EA54C372F5 /* VoltraTimer.swift in Sources */ = {isa = PBXBuildFile; fileRef = 6B74755D0557CC0704574025 /* VoltraTimer.swift */; };
		68489DB264B0D0C789F19C4C /* VoltraEvent.swift in Sources */ = {isa = PBXBuildFile; fileRef = 7C22D618F420621113A86294 /* VoltraEvent.swift */; };
		68D40D5FA46A90628CA13BD1 /* CompositeStyle.swift in Sources */ = {isa = PBXBuildFile; fileRef = F8F08C976B29C9AFC062C5CC /* CompositeStyle.swift */; };
		68D82D583BAE15AC69673238 /* VoltraGroupBox.swift in Sources */ = {isa = PBXBuildFile; fileRef = D41DFD907E6382C8B7F99FF9 /* VoltraGroupBox.swift */; };
		6913CB6A447B1217CBB711C0 /* DemoLynxProvider.swift in Sources */ = {isa = PBXBuildFile; fileRef = 9BD3EDC15CCAA6DD0B09632B /* DemoLynxProvider.swift */; };
		6A2143BEDDF018E10FBE654F /* FilledButtonParameters.swift in Sources */ = {isa = PBXBuildFile; fileRef = 819317B9B14C4210546E213C /* FilledButtonParameters.swift */; };
		6BE7D86A2B4302D0FA8FE0C0 /* SliderParameters.swift in Sources */ = {isa = PBXBuildFile; fileRef = EF84BFF01DE09ADB2E67828B /* SliderParameters.swift */; };
		6C4F07F7220C7BC1F524E1DD /* VoltraRefreshIntent.swift in Sources */ = {isa = PBXBuildFile; fileRef = 0C4EB01F8E73AB324176FBFA /* VoltraRefreshIntent.swift */; };
		701803391EB569F7C055A5C1 /* JSStyleParser.swift in Sources */ = {isa = PBXBuildFile; fileRef = E8B399FDEE57A20E655C5C24 /* JSStyleParser.swift */; };
		70570D332B945AEA515D92FA /* VoltraGroupBox.swift in Sources */ = {isa = PBXBuildFile; fileRef = D41DFD907E6382C8B7F99FF9 /* VoltraGroupBox.swift */; };
		71A2CC51656A267CBC351038 /* VoltraButton.swift in Sources */ = {isa = PBXBuildFile; fileRef = 5BD1878DA110E4AD0440F245 /* VoltraButton.swift */; };
		73718E7697A6A3DC84EA6C57 /* TextParameters.swift in Sources */ = {isa = PBXBuildFile; fileRef = 6D51773AAC9A9B0B1AC2CCBD /* TextParameters.swift */; };
		75A8117C7FE2ED2D81CFC7A0 /* Date+toTimerInterval.swift in Sources */ = {isa = PBXBuildFile; fileRef = 5AB55A2FAE1597E810CE129B /* Date+toTimerInterval.swift */; };
		75D4B769965CC5D00B1DB10C /* VoltraLink.swift in Sources */ = {isa = PBXBuildFile; fileRef = 3D7C0C7BF434DB605784F2F8 /* VoltraLink.swift */; };
		76AD67EBACF732B597E25208 /* VoltraModuleImpl.swift in Sources */ = {isa = PBXBuildFile; fileRef = 61B9764AADD8BFF042AEBA05 /* VoltraModuleImpl.swift */; };
		78CC12F1B9764DB86AFC0FEA /* VoltraNode.swift in Sources */ = {isa = PBXBuildFile; fileRef = 886BCE7575E1973FE84CBF8F /* VoltraNode.swift */; };
		7E2D9A7578297FEDC50F1B6F /* VoltraMask.swift in Sources */ = {isa = PBXBuildFile; fileRef = F4326BBB806E50DECC2BE8BA /* VoltraMask.swift */; };
		7F2170D9DF822998083C78D2 /* VoltraLiveActivityPayload.swift in Sources */ = {isa = PBXBuildFile; fileRef = C01C4ED5567CBEC94363BE89 /* VoltraLiveActivityPayload.swift */; };
		82116FD0EC67CE09A28DC000 /* JSColorParser.swift in Sources */ = {isa = PBXBuildFile; fileRef = 5D95A56383A1F3957C501734 /* JSColorParser.swift */; };
		824E29C64875AF816470A3F3 /* VoltraLinearGradient.swift in Sources */ = {isa = PBXBuildFile; fileRef = 1984C458331A97D82DAB6D3C /* VoltraLinearGradient.swift */; };
		827440B1C7E796DB468AFC42 /* VoltraZStack.swift in Sources */ = {isa = PBXBuildFile; fileRef = F660CCDC6B087EB9F3736F7D /* VoltraZStack.swift */; };
		838612EE666AC33AEB868514 /* RenderingStyle.swift in Sources */ = {isa = PBXBuildFile; fileRef = 198A530168F166095381D7A6 /* RenderingStyle.swift */; };
		84218E53EBEF1CB22131205E /* VoltraLinearProgressView.swift in Sources */ = {isa = PBXBuildFile; fileRef = 8EFE363EDFCBFB3B66E7A98D /* VoltraLinearProgressView.swift */; };
		84F1B360BEEB23E2E9D0D037 /* NavigationViewParameters.swift in Sources */ = {isa = PBXBuildFile; fileRef = 3E648F7244EE907917241077 /* NavigationViewParameters.swift */; };
		85055F6CF5FB20E79FE1372B /* SpacerParameters.swift in Sources */ = {isa = PBXBuildFile; fileRef = D63320835DE5B2820818675F /* SpacerParameters.swift */; };
		85B8F0D149C7879C7F2185DF /* VoltraConfig.swift in Sources */ = {isa = PBXBuildFile; fileRef = 701E2A301D27D6EC831DDE35 /* VoltraConfig.swift */; };
		884A8A22534255ACB006D5FC /* View.modifiers.swift in Sources */ = {isa = PBXBuildFile; fileRef = 312447C52865B93299FD97ED /* View.modifiers.swift */; };
		8978B41FE7FBAF8B1DF1B4B3 /* DisclosureGroupParameters.swift in Sources */ = {isa = PBXBuildFile; fileRef = 3A1E68EE4DBC6B1B631D9272 /* DisclosureGroupParameters.swift */; };
		8A084F716D73BB87DF62C563 /* View+applyStyle.swift in Sources */ = {isa = PBXBuildFile; fileRef = 3F48EE507BE5717827E66370 /* View+applyStyle.swift */; };
		8B1B96F143FDA4373CBDC502 /* VoltraImageStore.swift in Sources */ = {isa = PBXBuildFile; fileRef = 34DD7B95278463C52AD57B2F /* VoltraImageStore.swift */; };
		8BD0A69D67200718E2DB8BBD /* VoltraToggle.swift in Sources */ = {isa = PBXBuildFile; fileRef = CEDED892726BD17F111FCD53 /* VoltraToggle.swift */; };
		8C1DDF592B6F778E35B420C6 /* VoltraImagePreload.swift in Sources */ = {isa = PBXBuildFile; fileRef = E5611151DB7CC419E0660569 /* VoltraImagePreload.swift */; };
		8DCF634E235B6CC5EDAFD6B2 /* GlassContainerParameters.swift in Sources */ = {isa = PBXBuildFile; fileRef = 2D18EED3ED292A233CF0A334 /* GlassContainerParameters.swift */; };
		8F5EC1193FD81B7A591543C4 /* LinkParameters.swift in Sources */ = {isa = PBXBuildFile; fileRef = 6B9F9AA274859AA769C44F8C /* LinkParameters.swift */; };
		8FD749C18594AA027E25F7AC /* SymbolParameters.swift in Sources */ = {isa = PBXBuildFile; fileRef = 15DEDA804A0824C0C30E2E69 /* SymbolParameters.swift */; };
		9239D9DAB4FBCC767C9A18E3 /* GroupBoxParameters.swift in Sources */ = {isa = PBXBuildFile; fileRef = DDBDB386849AA493DE7FD881 /* GroupBoxParameters.swift */; };
		92BB99EB869A55B00E525090 /* Pods_LynxVoltra.framework in Frameworks */ = {isa = PBXBuildFile; fileRef = 782C931F9D4C2601A7073D18 /* Pods_LynxVoltra.framework */; };
		92FA9EEEC8AFAC746C36662D /* VoltraTimer.swift in Sources */ = {isa = PBXBuildFile; fileRef = 6B74755D0557CC0704574025 /* VoltraTimer.swift */; };
		942D7F478A6437D8505CB4BC /* AndroidCheckBoxParameters.swift in Sources */ = {isa = PBXBuildFile; fileRef = C6DC2C55370679ED387C13E5 /* AndroidCheckBoxParameters.swift */; };
		96E69CF1ED8C5AEA7A20271A /* VoltraConstants.swift in Sources */ = {isa = PBXBuildFile; fileRef = F3BFB4835BADDF5B6FBDC1DB /* VoltraConstants.swift */; };
		96F8DC1DD1A963283BAC24CB /* VSplitViewParameters.swift in Sources */ = {isa = PBXBuildFile; fileRef = 60E4F9944E6E2CDF06B37427 /* VSplitViewParameters.swift */; };
		97B02485D2FA0C0470C8F27A /* LinearProgressViewParameters.swift in Sources */ = {isa = PBXBuildFile; fileRef = 84D46088D8183917A2954AA8 /* LinearProgressViewParameters.swift */; };
		98307D098AFF77EACD5A5D1D /* VoltraProgressDriver.swift in Sources */ = {isa = PBXBuildFile; fileRef = 9A0D46AA2BD4480B4AFEF7BD /* VoltraProgressDriver.swift */; };
		9854AD08EF98EDC005510EB2 /* LabelParameters.swift in Sources */ = {isa = PBXBuildFile; fileRef = 9852A2608256AF25447EE3B3 /* LabelParameters.swift */; };
		98F1488658EB2A20B47D19B8 /* VoltraSymbol.swift in Sources */ = {isa = PBXBuildFile; fileRef = A300C7D8E8B7948C14BE8EC8 /* VoltraSymbol.swift */; };
		99B58B24B9E297BEEE9C1EF2 /* TextDecoration.swift in Sources */ = {isa = PBXBuildFile; fileRef = 4AA31BB4AAF0C22AEF4128AA /* TextDecoration.swift */; };
		99E073DDBBFA630628F6D0F9 /* Voltra.swift in Sources */ = {isa = PBXBuildFile; fileRef = 7F81F0E1489469E85A78E22B /* Voltra.swift */; };
		9C431695CF2C294C127BAD72 /* ButtonParameters.swift in Sources */ = {isa = PBXBuildFile; fileRef = B02FDCB97EA15FD77F2745B4 /* ButtonParameters.swift */; };
		9C434BB1532A38E64A698FA6 /* VStackParameters.swift in Sources */ = {isa = PBXBuildFile; fileRef = D51A052DC2F74E271920B6AE /* VStackParameters.swift */; };
		9CF9DAD598E693A445641257 /* VoltraChart.swift in Sources */ = {isa = PBXBuildFile; fileRef = 773689D8A0B36618B22E0F5E /* VoltraChart.swift */; };
		9F1E265162F505DFB7538490 /* PickerParameters.swift in Sources */ = {isa = PBXBuildFile; fileRef = DFBC6AEC15DF7382C4CAA0D8 /* PickerParameters.swift */; };
		9F60D26841A65D31847AA2A6 /* ToggleParameters.swift in Sources */ = {isa = PBXBuildFile; fileRef = 21239D995E2F8CD1B5B72BEA /* ToggleParameters.swift */; };
		9FD8E2E2EE52BCBA3754BA84 /* VoltraChart.swift in Sources */ = {isa = PBXBuildFile; fileRef = 773689D8A0B36618B22E0F5E /* VoltraChart.swift */; };
		A0B874FB0BE4A9FF94E347C8 /* HStackParameters.swift in Sources */ = {isa = PBXBuildFile; fileRef = BC1B8DD8853C44DEA73BDE7F /* HStackParameters.swift */; };
		A16DBCCD2D3F3F80CAA5D64A /* VoltraFlexStackLayout.swift in Sources */ = {isa = PBXBuildFile; fileRef = 8447515348454ABAE21C1A78 /* VoltraFlexStackLayout.swift */; };
		A1E50F2FB930BAB4F2068A8F /* VoltraLogger.swift in Sources */ = {isa = PBXBuildFile; fileRef = 3935D7E19AA21A38370E478E /* VoltraLogger.swift */; };
		A1FF971F42ECE9FA5112B0CD /* VoltraConstants.swift in Sources */ = {isa = PBXBuildFile; fileRef = F3BFB4835BADDF5B6FBDC1DB /* VoltraConstants.swift */; };
		A200519D28F08BBC915A96AE /* VoltraHStack.swift in Sources */ = {isa = PBXBuildFile; fileRef = F99CE67AA6DC7EF101852CBC /* VoltraHStack.swift */; };
		A21C4C0CAE9931A17D4B1A8D /* StyleConverter.swift in Sources */ = {isa = PBXBuildFile; fileRef = 99C31BB77FAAEC61E28AFBA7 /* StyleConverter.swift */; };
		A222F3F8A36EC891CB9EE798 /* VoltraSymbol.swift in Sources */ = {isa = PBXBuildFile; fileRef = A300C7D8E8B7948C14BE8EC8 /* VoltraSymbol.swift */; };
		A2583661B06701B14A9B69FD /* TimerParameters.swift in Sources */ = {isa = PBXBuildFile; fileRef = EB63644323E583227F09AF39 /* TimerParameters.swift */; };
		A2D5899D8E90D956AB9372A9 /* VoltraView.swift in Sources */ = {isa = PBXBuildFile; fileRef = 6B14D22B9A0FBEA2EBB4AA2B /* VoltraView.swift */; };
		A35F9AD92510FFA844137693 /* VoltraConfig.swift in Sources */ = {isa = PBXBuildFile; fileRef = 701E2A301D27D6EC831DDE35 /* VoltraConfig.swift */; };
		A4017B2C0CDA79DF44151FB9 /* FilledButtonParameters.swift in Sources */ = {isa = PBXBuildFile; fileRef = 819317B9B14C4210546E213C /* FilledButtonParameters.swift */; };
		A4E0E175F3C1551CB7E9370B /* VoltraVStack.swift in Sources */ = {isa = PBXBuildFile; fileRef = D07CB809C407AD0654A3F7DF /* VoltraVStack.swift */; };
		A6000DE20C29FF1690966FAC /* FlexContainerHelper.swift in Sources */ = {isa = PBXBuildFile; fileRef = C8F5410EE68A26C78BD8F6B3 /* FlexContainerHelper.swift */; };
		A9527000B7E5211172002601 /* ChartParameters.swift in Sources */ = {isa = PBXBuildFile; fileRef = DA89555480A5F4D279E92923 /* ChartParameters.swift */; };
		A97E994456BB0C971693EA6D /* VoltraWidgetDefaults.swift in Sources */ = {isa = PBXBuildFile; fileRef = F290C28E32787B7E929B8F50 /* VoltraWidgetDefaults.swift */; };
		A98B07962C4034133992B934 /* AndroidRadioButtonParameters.swift in Sources */ = {isa = PBXBuildFile; fileRef = 2D3CEB6A9D42B85029DBFF01 /* AndroidRadioButtonParameters.swift */; };
		A9B39C92D0868AC4BDC24164 /* VoltraRegion.swift in Sources */ = {isa = PBXBuildFile; fileRef = 95786E401F485B1D41D38620 /* VoltraRegion.swift */; };
		AFC3178B5FECD9D603EB56C6 /* VoltraGauge.swift in Sources */ = {isa = PBXBuildFile; fileRef = 1E6B107B73CE7FFD758467F3 /* VoltraGauge.swift */; };
		B0DFC4F5D7EE5385975A1502 /* VoltraLinearGradient.swift in Sources */ = {isa = PBXBuildFile; fileRef = 1984C458331A97D82DAB6D3C /* VoltraLinearGradient.swift */; };
		B7138E9366825E1D78AE9453 /* BackgroundValue.swift in Sources */ = {isa = PBXBuildFile; fileRef = CC0989CB16A459ABEEA9DA87 /* BackgroundValue.swift */; };
		B81507C1E67868691AE11C2D /* ButtonParameters.swift in Sources */ = {isa = PBXBuildFile; fileRef = B02FDCB97EA15FD77F2745B4 /* ButtonParameters.swift */; };
		B8EFF366DE3E50763F4B5C4E /* VoltraLabel.swift in Sources */ = {isa = PBXBuildFile; fileRef = 575AB9DEB264604365E171FE /* VoltraLabel.swift */; };
		B9253D33A96A1472013EB747 /* VoltraWidgetDefaults.swift in Sources */ = {isa = PBXBuildFile; fileRef = F290C28E32787B7E929B8F50 /* VoltraWidgetDefaults.swift */; };
		BA78791F29E91DB1FAD5C826 /* TextStyle.swift in Sources */ = {isa = PBXBuildFile; fileRef = 290CFE12CE9E046D9B81477D /* TextStyle.swift */; };
		BB010F87091A94222905FE06 /* ShortNames.swift in Sources */ = {isa = PBXBuildFile; fileRef = A42F4C0ABD86C225AB1027E7 /* ShortNames.swift */; };
		BC17A7754F401DB5A4CFB1D2 /* FlexContainerHelper.swift in Sources */ = {isa = PBXBuildFile; fileRef = C8F5410EE68A26C78BD8F6B3 /* FlexContainerHelper.swift */; };
		BCDCEE9B6991437ABB33AB57 /* ScrollViewParameters.swift in Sources */ = {isa = PBXBuildFile; fileRef = D3BF8622496E4F446DE4819C /* ScrollViewParameters.swift */; };
		BD2D826E8A15A5D9A9C1F508 /* ShortNames.swift in Sources */ = {isa = PBXBuildFile; fileRef = A42F4C0ABD86C225AB1027E7 /* ShortNames.swift */; };
		BEB8514899A795CA323CC765 /* JSONValue.swift in Sources */ = {isa = PBXBuildFile; fileRef = 2BFCA27B41D8A6BD4D7999A3 /* JSONValue.swift */; };
		BF995E01A3348DC3B1B000CE /* VoltraGlassContainer.swift in Sources */ = {isa = PBXBuildFile; fileRef = C92616D842738E9EF6F4966B /* VoltraGlassContainer.swift */; };
		C06B8A4D5FFB67446ACB9144 /* ListParameters.swift in Sources */ = {isa = PBXBuildFile; fileRef = 37B9D15AA368A68AC83DF874 /* ListParameters.swift */; };
		C0CD27C53E06FD24483AAEA9 /* VoltraLinearProgressView.swift in Sources */ = {isa = PBXBuildFile; fileRef = 8EFE363EDFCBFB3B66E7A98D /* VoltraLinearProgressView.swift */; };
		C1547A4B85B41EC61184AD56 /* HSplitViewParameters.swift in Sources */ = {isa = PBXBuildFile; fileRef = E51832C5C6B97B0878B4E5C5 /* HSplitViewParameters.swift */; };
		C26E66DF7259DE083067BD7B /* SliderParameters.swift in Sources */ = {isa = PBXBuildFile; fileRef = EF84BFF01DE09ADB2E67828B /* SliderParameters.swift */; };
		C326C3E4A2078BC899487B9E /* VoltraDeepLinkResolver.swift in Sources */ = {isa = PBXBuildFile; fileRef = CF38EE8765B585B11BEC7AFE /* VoltraDeepLinkResolver.swift */; };
		C3D38B8D804057B88B0CFAA7 /* DividerParameters.swift in Sources */ = {isa = PBXBuildFile; fileRef = A9D7B0E4833065A1EE20543B /* DividerParameters.swift */; };
		C625DD22CD6DD8E69C87734D /* VoltraWidgetServerFetcher.swift in Sources */ = {isa = PBXBuildFile; fileRef = FDF9AA4A98097B6D6079AF32 /* VoltraWidgetServerFetcher.swift */; };
		C6E36F18A723D1CDCAF89184 /* ViewController.swift in Sources */ = {isa = PBXBuildFile; fileRef = F5DE2DDE94729D32A6B559E4 /* ViewController.swift */; };
		C7900813F0A4036AAF3FE921 /* FormParameters.swift in Sources */ = {isa = PBXBuildFile; fileRef = 992E387E2A565EB125DFD8DB /* FormParameters.swift */; };
		C83B6AA331D026BB9FE8B27D /* ComponentTypeID.swift in Sources */ = {isa = PBXBuildFile; fileRef = D01D0808C0A1D40140FEB965 /* ComponentTypeID.swift */; };
		CB82A002D445C690E7DA5EE4 /* GaugeParameters.swift in Sources */ = {isa = PBXBuildFile; fileRef = 04D5C818FF7EFFED9651D835 /* GaugeParameters.swift */; };
		CC5B89DBFE6162251886E9A7 /* AndroidSwitchParameters.swift in Sources */ = {isa = PBXBuildFile; fileRef = 4146C1D75A9C81AF580F7C6B /* AndroidSwitchParameters.swift */; };
		CCBE24D6A348E73A2EDE9285 /* VoltraEventBus.swift in Sources */ = {isa = PBXBuildFile; fileRef = 3AFA73A75620D17F3BA8690A /* VoltraEventBus.swift */; };
		CFBB92EBEF214E2EECED319B /* TextDecoration.swift in Sources */ = {isa = PBXBuildFile; fileRef = 4AA31BB4AAF0C22AEF4128AA /* TextDecoration.swift */; };
		D1940F1527B9224BA474937C /* VoltraGauge.swift in Sources */ = {isa = PBXBuildFile; fileRef = 1E6B107B73CE7FFD758467F3 /* VoltraGauge.swift */; };
		D1CF55354E674B20A6A260D3 /* LayoutStyle.swift in Sources */ = {isa = PBXBuildFile; fileRef = 31515EEE5AB58A9F09DBFC5D /* LayoutStyle.swift */; };
		D239CA8A433CD939829DBC10 /* DecorationStyle.swift in Sources */ = {isa = PBXBuildFile; fileRef = EBCA08E99A629408B2C58062 /* DecorationStyle.swift */; };
		D30351CF074056D323A1968C /* ZStackParameters.swift in Sources */ = {isa = PBXBuildFile; fileRef = 49D7968973198369C39945E6 /* ZStackParameters.swift */; };
		D3A67C4272567CAB8D0C261E /* VoltraButton.swift in Sources */ = {isa = PBXBuildFile; fileRef = 5BD1878DA110E4AD0440F245 /* VoltraButton.swift */; };
		D4DED96337CB76539F0AE23C /* VoltraLabel.swift in Sources */ = {isa = PBXBuildFile; fileRef = 575AB9DEB264604365E171FE /* VoltraLabel.swift */; };
		D944EC5272DF2A437CF3A0D7 /* TextParameters.swift in Sources */ = {isa = PBXBuildFile; fileRef = 6D51773AAC9A9B0B1AC2CCBD /* TextParameters.swift */; };
		DA8F7C93828F6FFAE9D6D760 /* VoltraCircularProgressView.swift in Sources */ = {isa = PBXBuildFile; fileRef = 47E8AE63B85A7BD2EE211764 /* VoltraCircularProgressView.swift */; };
		DCC0A8BA8D7A6B32C06687A5 /* VoltraWidgetServerFetcher.swift in Sources */ = {isa = PBXBuildFile; fileRef = FDF9AA4A98097B6D6079AF32 /* VoltraWidgetServerFetcher.swift */; };
		DFE8646E1FCEF660752EE88D /* CircularProgressViewParameters.swift in Sources */ = {isa = PBXBuildFile; fileRef = 30FCD9C5E82BF36A711A8F38 /* CircularProgressViewParameters.swift */; };
		E0E4CB2ACC90447E09B1E103 /* VoltraEvent.swift in Sources */ = {isa = PBXBuildFile; fileRef = 7C22D618F420621113A86294 /* VoltraEvent.swift */; };
		E42B17EAD539EAFF896C09D9 /* VoltraGlassContainer.swift in Sources */ = {isa = PBXBuildFile; fileRef = C92616D842738E9EF6F4966B /* VoltraGlassContainer.swift */; };
		E57B7B15238F8892E5F09DD4 /* SymbolParameters.swift in Sources */ = {isa = PBXBuildFile; fileRef = 15DEDA804A0824C0C30E2E69 /* SymbolParameters.swift */; };
		E718B7D19380EA925FB6E92F /* ToggleParameters.swift in Sources */ = {isa = PBXBuildFile; fileRef = 21239D995E2F8CD1B5B72BEA /* ToggleParameters.swift */; };
		E8DB35EFD907AFE8BF1E0D9A /* VoltraKeychainHelper.swift in Sources */ = {isa = PBXBuildFile; fileRef = 5C2FD9028689BCA79E77F48F /* VoltraKeychainHelper.swift */; };
		E9A8536F4071390B1359511F /* CircularProgressViewParameters.swift in Sources */ = {isa = PBXBuildFile; fileRef = 30FCD9C5E82BF36A711A8F38 /* CircularProgressViewParameters.swift */; };
		EC297B0863D799B967DC7ED0 /* VoltraLiveActivityManager.swift in Sources */ = {isa = PBXBuildFile; fileRef = 03D7EF4EC7C4ECD996CCFBEC /* VoltraLiveActivityManager.swift */; };
		ECF662DF5FD05FACA2D35B36 /* VoltraElement.swift in Sources */ = {isa = PBXBuildFile; fileRef = F14D03BA8AA600A9598EC56F /* VoltraElement.swift */; };
		EDDC530A2AB47E0DBE317236 /* GlassContainerParameters.swift in Sources */ = {isa = PBXBuildFile; fileRef = 2D18EED3ED292A233CF0A334 /* GlassContainerParameters.swift */; };
		EE34D220C37882A3B571ABC5 /* JSGradientParser.swift in Sources */ = {isa = PBXBuildFile; fileRef = 24F6E62B6CAADC64789EF65F /* JSGradientParser.swift */; };
		EFE78BEC4373E3C6770D886C /* Overflow.swift in Sources */ = {isa = PBXBuildFile; fileRef = BE8170848167C2B36378155D /* Overflow.swift */; };
		F24BC35753089C37B8CE2681 /* ViewParameters.swift in Sources */ = {isa = PBXBuildFile; fileRef = 50379162C4C14341CDA0DF42 /* ViewParameters.swift */; };
		F35226E09E880D3592D3DC39 /* VoltraDivider.swift in Sources */ = {isa = PBXBuildFile; fileRef = 4AD9277E4D60906F7D62CB8D /* VoltraDivider.swift */; };
		F4B0839B765A73EFB323F2B7 /* VoltraMask.swift in Sources */ = {isa = PBXBuildFile; fileRef = F4326BBB806E50DECC2BE8BA /* VoltraMask.swift */; };
		F551F1E677B19FF33DDED1BB /* Overflow.swift in Sources */ = {isa = PBXBuildFile; fileRef = BE8170848167C2B36378155D /* Overflow.swift */; };
		F56248F8848162BDBEFDE667 /* VoltraView.swift in Sources */ = {isa = PBXBuildFile; fileRef = 6B14D22B9A0FBEA2EBB4AA2B /* VoltraView.swift */; };
		F64630B6B0994D807E4BE14D /* ZStackParameters.swift in Sources */ = {isa = PBXBuildFile; fileRef = 49D7968973198369C39945E6 /* ZStackParameters.swift */; };
		F71103E9B6412452FBBFB470 /* Voltra.swift in Sources */ = {isa = PBXBuildFile; fileRef = 7F81F0E1489469E85A78E22B /* Voltra.swift */; };
		F848C01B3B986415C08E8FD8 /* DecorationStyle.swift in Sources */ = {isa = PBXBuildFile; fileRef = EBCA08E99A629408B2C58062 /* DecorationStyle.swift */; };
		F84A579F01F7281AB6EEF7D7 /* VoltraHomeWidget.swift in Sources */ = {isa = PBXBuildFile; fileRef = 132A7590CE0464FD0A5BF279 /* VoltraHomeWidget.swift */; };
		F850BF1AACE79D731F508D35 /* PickerParameters.swift in Sources */ = {isa = PBXBuildFile; fileRef = DFBC6AEC15DF7382C4CAA0D8 /* PickerParameters.swift */; };
		F9726DCD2890BA3C2B46E026 /* VoltraLink.swift in Sources */ = {isa = PBXBuildFile; fileRef = 3D7C0C7BF434DB605784F2F8 /* VoltraLink.swift */; };
		FAA9D717204E538828DD14B9 /* ViewParameters.swift in Sources */ = {isa = PBXBuildFile; fileRef = 50379162C4C14341CDA0DF42 /* ViewParameters.swift */; };
		FC038AE91B34B278002E65BD /* ListParameters.swift in Sources */ = {isa = PBXBuildFile; fileRef = 37B9D15AA368A68AC83DF874 /* ListParameters.swift */; };
		FC9F2F810E04BB663A98B1F8 /* VoltraNode.swift in Sources */ = {isa = PBXBuildFile; fileRef = 886BCE7575E1973FE84CBF8F /* VoltraNode.swift */; };
		FD51356D188DC9BCCB521CFC /* CompositeStyle.swift in Sources */ = {isa = PBXBuildFile; fileRef = F8F08C976B29C9AFC062C5CC /* CompositeStyle.swift */; };
		FD926D05F37E42D45A97B3CB /* VoltraImage.swift in Sources */ = {isa = PBXBuildFile; fileRef = 838BA1F34DB04F78E0DD6A16 /* VoltraImage.swift */; };
		FF417CA3CDF6837BD09D1EE5 /* VoltraLogger.swift in Sources */ = {isa = PBXBuildFile; fileRef = 3935D7E19AA21A38370E478E /* VoltraLogger.swift */; };
		FF6C33B085997C9BA154E78C /* VoltraKeychainHelper.swift in Sources */ = {isa = PBXBuildFile; fileRef = 5C2FD9028689BCA79E77F48F /* VoltraKeychainHelper.swift */; };
		FF707CD4FA14C78108DDAFC5 /* ComponentParameters.swift in Sources */ = {isa = PBXBuildFile; fileRef = F9ABE842F938BBE818472BC6 /* ComponentParameters.swift */; };
/* End PBXBuildFile section */

/* Begin PBXFileReference section */
		03D7EF4EC7C4ECD996CCFBEC /* VoltraLiveActivityManager.swift */ = {isa = PBXFileReference; lastKnownFileType = sourcecode.swift; path = VoltraLiveActivityManager.swift; sourceTree = "<group>"; };
		04D5C818FF7EFFED9651D835 /* GaugeParameters.swift */ = {isa = PBXFileReference; lastKnownFileType = sourcecode.swift; path = GaugeParameters.swift; sourceTree = "<group>"; };
		0C4EB01F8E73AB324176FBFA /* VoltraRefreshIntent.swift */ = {isa = PBXFileReference; lastKnownFileType = sourcecode.swift; path = VoltraRefreshIntent.swift; sourceTree = "<group>"; };
		132A7590CE0464FD0A5BF279 /* VoltraHomeWidget.swift */ = {isa = PBXFileReference; lastKnownFileType = sourcecode.swift; path = VoltraHomeWidget.swift; sourceTree = "<group>"; };
		139C5E8E4D1461E15AEDA46C /* VoltraActivity.swift */ = {isa = PBXFileReference; lastKnownFileType = sourcecode.swift; path = VoltraActivity.swift; sourceTree = "<group>"; };
		15DEDA804A0824C0C30E2E69 /* SymbolParameters.swift */ = {isa = PBXFileReference; lastKnownFileType = sourcecode.swift; path = SymbolParameters.swift; sourceTree = "<group>"; };
		1984C458331A97D82DAB6D3C /* VoltraLinearGradient.swift */ = {isa = PBXFileReference; lastKnownFileType = sourcecode.swift; path = VoltraLinearGradient.swift; sourceTree = "<group>"; };
		198A530168F166095381D7A6 /* RenderingStyle.swift */ = {isa = PBXFileReference; lastKnownFileType = sourcecode.swift; path = RenderingStyle.swift; sourceTree = "<group>"; };
		1E6B107B73CE7FFD758467F3 /* VoltraGauge.swift */ = {isa = PBXFileReference; lastKnownFileType = sourcecode.swift; path = VoltraGauge.swift; sourceTree = "<group>"; };
		211AF7A9EB88AA17532A7069 /* MaskParameters.swift */ = {isa = PBXFileReference; lastKnownFileType = sourcecode.swift; path = MaskParameters.swift; sourceTree = "<group>"; };
		21239D995E2F8CD1B5B72BEA /* ToggleParameters.swift */ = {isa = PBXFileReference; lastKnownFileType = sourcecode.swift; path = ToggleParameters.swift; sourceTree = "<group>"; };
		23B50F4DE754B5BAC6D7E084 /* VoltraLiveActivityService.swift */ = {isa = PBXFileReference; lastKnownFileType = sourcecode.swift; path = VoltraLiveActivityService.swift; sourceTree = "<group>"; };
		24F6E62B6CAADC64789EF65F /* JSGradientParser.swift */ = {isa = PBXFileReference; lastKnownFileType = sourcecode.swift; path = JSGradientParser.swift; sourceTree = "<group>"; };
		28B0ED9691037B21CF87062F /* VoltraLynxModule.swift */ = {isa = PBXFileReference; lastKnownFileType = sourcecode.swift; path = VoltraLynxModule.swift; sourceTree = "<group>"; };
		290CFE12CE9E046D9B81477D /* TextStyle.swift */ = {isa = PBXFileReference; lastKnownFileType = sourcecode.swift; path = TextStyle.swift; sourceTree = "<group>"; };
		2A2845C73371FFCC8D26208C /* Pods-LynxVoltra.release.xcconfig */ = {isa = PBXFileReference; includeInIndex = 1; lastKnownFileType = text.xcconfig; name = "Pods-LynxVoltra.release.xcconfig"; path = "Target Support Files/Pods-LynxVoltra/Pods-LynxVoltra.release.xcconfig"; sourceTree = "<group>"; };
		2BFCA27B41D8A6BD4D7999A3 /* JSONValue.swift */ = {isa = PBXFileReference; lastKnownFileType = sourcecode.swift; path = JSONValue.swift; sourceTree = "<group>"; };
		2D18EED3ED292A233CF0A334 /* GlassContainerParameters.swift */ = {isa = PBXFileReference; lastKnownFileType = sourcecode.swift; path = GlassContainerParameters.swift; sourceTree = "<group>"; };
		2D3CEB6A9D42B85029DBFF01 /* AndroidRadioButtonParameters.swift */ = {isa = PBXFileReference; lastKnownFileType = sourcecode.swift; path = AndroidRadioButtonParameters.swift; sourceTree = "<group>"; };
		2D802A10C9E30A9ADE597313 /* FontVariant.swift */ = {isa = PBXFileReference; lastKnownFileType = sourcecode.swift; path = FontVariant.swift; sourceTree = "<group>"; };
		30FCD9C5E82BF36A711A8F38 /* CircularProgressViewParameters.swift */ = {isa = PBXFileReference; lastKnownFileType = sourcecode.swift; path = CircularProgressViewParameters.swift; sourceTree = "<group>"; };
		312447C52865B93299FD97ED /* View.modifiers.swift */ = {isa = PBXFileReference; lastKnownFileType = sourcecode.swift; path = View.modifiers.swift; sourceTree = "<group>"; };
		31515EEE5AB58A9F09DBFC5D /* LayoutStyle.swift */ = {isa = PBXFileReference; lastKnownFileType = sourcecode.swift; path = LayoutStyle.swift; sourceTree = "<group>"; };
		34DD7B95278463C52AD57B2F /* VoltraImageStore.swift */ = {isa = PBXFileReference; lastKnownFileType = sourcecode.swift; path = VoltraImageStore.swift; sourceTree = "<group>"; };
		37B9D15AA368A68AC83DF874 /* ListParameters.swift */ = {isa = PBXFileReference; lastKnownFileType = sourcecode.swift; path = ListParameters.swift; sourceTree = "<group>"; };
		3935D7E19AA21A38370E478E /* VoltraLogger.swift */ = {isa = PBXFileReference; lastKnownFileType = sourcecode.swift; path = VoltraLogger.swift; sourceTree = "<group>"; };
		3A1E68EE4DBC6B1B631D9272 /* DisclosureGroupParameters.swift */ = {isa = PBXFileReference; lastKnownFileType = sourcecode.swift; path = DisclosureGroupParameters.swift; sourceTree = "<group>"; };
		3AFA73A75620D17F3BA8690A /* VoltraEventBus.swift */ = {isa = PBXFileReference; lastKnownFileType = sourcecode.swift; path = VoltraEventBus.swift; sourceTree = "<group>"; };
		3D7C0C7BF434DB605784F2F8 /* VoltraLink.swift */ = {isa = PBXFileReference; lastKnownFileType = sourcecode.swift; path = VoltraLink.swift; sourceTree = "<group>"; };
		3E648F7244EE907917241077 /* NavigationViewParameters.swift */ = {isa = PBXFileReference; lastKnownFileType = sourcecode.swift; path = NavigationViewParameters.swift; sourceTree = "<group>"; };
		3F48EE507BE5717827E66370 /* View+applyStyle.swift */ = {isa = PBXFileReference; lastKnownFileType = sourcecode.swift; path = "View+applyStyle.swift"; sourceTree = "<group>"; };
		4146C1D75A9C81AF580F7C6B /* AndroidSwitchParameters.swift */ = {isa = PBXFileReference; lastKnownFileType = sourcecode.swift; path = AndroidSwitchParameters.swift; sourceTree = "<group>"; };
		455F90D5F27FD257ED8E87A6 /* Info.plist */ = {isa = PBXFileReference; lastKnownFileType = text.plist; path = Info.plist; sourceTree = "<group>"; };
		471ECBDA67AC9A24AB7EF680 /* FlexEnvironment.swift */ = {isa = PBXFileReference; lastKnownFileType = sourcecode.swift; path = FlexEnvironment.swift; sourceTree = "<group>"; };
		47E8AE63B85A7BD2EE211764 /* VoltraCircularProgressView.swift */ = {isa = PBXFileReference; lastKnownFileType = sourcecode.swift; path = VoltraCircularProgressView.swift; sourceTree = "<group>"; };
		49D7968973198369C39945E6 /* ZStackParameters.swift */ = {isa = PBXFileReference; lastKnownFileType = sourcecode.swift; path = ZStackParameters.swift; sourceTree = "<group>"; };
		4AA31BB4AAF0C22AEF4128AA /* TextDecoration.swift */ = {isa = PBXFileReference; lastKnownFileType = sourcecode.swift; path = TextDecoration.swift; sourceTree = "<group>"; };
		4AD9277E4D60906F7D62CB8D /* VoltraDivider.swift */ = {isa = PBXFileReference; lastKnownFileType = sourcecode.swift; path = VoltraDivider.swift; sourceTree = "<group>"; };
		4BD924796FBB8A6747843C0D /* AppDelegate.swift */ = {isa = PBXFileReference; lastKnownFileType = sourcecode.swift; path = AppDelegate.swift; sourceTree = "<group>"; };
		4EE4C2E2C95D12C69070276A /* Pods-LynxVoltra.debug.xcconfig */ = {isa = PBXFileReference; includeInIndex = 1; lastKnownFileType = text.xcconfig; name = "Pods-LynxVoltra.debug.xcconfig"; path = "Target Support Files/Pods-LynxVoltra/Pods-LynxVoltra.debug.xcconfig"; sourceTree = "<group>"; };
		50379162C4C14341CDA0DF42 /* ViewParameters.swift */ = {isa = PBXFileReference; lastKnownFileType = sourcecode.swift; path = ViewParameters.swift; sourceTree = "<group>"; };
		5121C7FEFCD89466C6B148AB /* Data+hexString.swift */ = {isa = PBXFileReference; lastKnownFileType = sourcecode.swift; path = "Data+hexString.swift"; sourceTree = "<group>"; };
		565FEA52BAA7FBFF49173FB3 /* VoltraWidget.swift */ = {isa = PBXFileReference; lastKnownFileType = sourcecode.swift; path = VoltraWidget.swift; sourceTree = "<group>"; };
		575AB9DEB264604365E171FE /* VoltraLabel.swift */ = {isa = PBXFileReference; lastKnownFileType = sourcecode.swift; path = VoltraLabel.swift; sourceTree = "<group>"; };
		585B4C34BF5DEDC261311817 /* VoltraSpacer.swift */ = {isa = PBXFileReference; lastKnownFileType = sourcecode.swift; path = VoltraSpacer.swift; sourceTree = "<group>"; };
		5AB55A2FAE1597E810CE129B /* Date+toTimerInterval.swift */ = {isa = PBXFileReference; lastKnownFileType = sourcecode.swift; path = "Date+toTimerInterval.swift"; sourceTree = "<group>"; };
		5BD1878DA110E4AD0440F245 /* VoltraButton.swift */ = {isa = PBXFileReference; lastKnownFileType = sourcecode.swift; path = VoltraButton.swift; sourceTree = "<group>"; };
		5C2FD9028689BCA79E77F48F /* VoltraKeychainHelper.swift */ = {isa = PBXFileReference; lastKnownFileType = sourcecode.swift; path = VoltraKeychainHelper.swift; sourceTree = "<group>"; };
		5D95A56383A1F3957C501734 /* JSColorParser.swift */ = {isa = PBXFileReference; lastKnownFileType = sourcecode.swift; path = JSColorParser.swift; sourceTree = "<group>"; };
		5E1B2930AE9365842241458A /* VoltraInteractionIntent.swift */ = {isa = PBXFileReference; lastKnownFileType = sourcecode.swift; path = VoltraInteractionIntent.swift; sourceTree = "<group>"; };
		60E4F9944E6E2CDF06B37427 /* VSplitViewParameters.swift */ = {isa = PBXFileReference; lastKnownFileType = sourcecode.swift; path = VSplitViewParameters.swift; sourceTree = "<group>"; };
		61B9764AADD8BFF042AEBA05 /* VoltraModuleImpl.swift */ = {isa = PBXFileReference; lastKnownFileType = sourcecode.swift; path = VoltraModuleImpl.swift; sourceTree = "<group>"; };
		6B14D22B9A0FBEA2EBB4AA2B /* VoltraView.swift */ = {isa = PBXFileReference; lastKnownFileType = sourcecode.swift; path = VoltraView.swift; sourceTree = "<group>"; };
		6B74755D0557CC0704574025 /* VoltraTimer.swift */ = {isa = PBXFileReference; lastKnownFileType = sourcecode.swift; path = VoltraTimer.swift; sourceTree = "<group>"; };
		6B9F9AA274859AA769C44F8C /* LinkParameters.swift */ = {isa = PBXFileReference; lastKnownFileType = sourcecode.swift; path = LinkParameters.swift; sourceTree = "<group>"; };
		6D51773AAC9A9B0B1AC2CCBD /* TextParameters.swift */ = {isa = PBXFileReference; lastKnownFileType = sourcecode.swift; path = TextParameters.swift; sourceTree = "<group>"; };
		701E2A301D27D6EC831DDE35 /* VoltraConfig.swift */ = {isa = PBXFileReference; lastKnownFileType = sourcecode.swift; path = VoltraConfig.swift; sourceTree = "<group>"; };
		773689D8A0B36618B22E0F5E /* VoltraChart.swift */ = {isa = PBXFileReference; lastKnownFileType = sourcecode.swift; path = VoltraChart.swift; sourceTree = "<group>"; };
		782C931F9D4C2601A7073D18 /* Pods_LynxVoltra.framework */ = {isa = PBXFileReference; explicitFileType = wrapper.framework; includeInIndex = 0; path = Pods_LynxVoltra.framework; sourceTree = BUILT_PRODUCTS_DIR; };
		7AE3F1734C972F05C9857820 /* VoltraWidgetService.swift */ = {isa = PBXFileReference; lastKnownFileType = sourcecode.swift; path = VoltraWidgetService.swift; sourceTree = "<group>"; };
		7C22D618F420621113A86294 /* VoltraEvent.swift */ = {isa = PBXFileReference; lastKnownFileType = sourcecode.swift; path = VoltraEvent.swift; sourceTree = "<group>"; };
		7F81F0E1489469E85A78E22B /* Voltra.swift */ = {isa = PBXFileReference; lastKnownFileType = sourcecode.swift; path = Voltra.swift; sourceTree = "<group>"; };
		819317B9B14C4210546E213C /* FilledButtonParameters.swift */ = {isa = PBXFileReference; lastKnownFileType = sourcecode.swift; path = FilledButtonParameters.swift; sourceTree = "<group>"; };
		838BA1F34DB04F78E0DD6A16 /* VoltraImage.swift */ = {isa = PBXFileReference; lastKnownFileType = sourcecode.swift; path = VoltraImage.swift; sourceTree = "<group>"; };
		8447515348454ABAE21C1A78 /* VoltraFlexStackLayout.swift */ = {isa = PBXFileReference; lastKnownFileType = sourcecode.swift; path = VoltraFlexStackLayout.swift; sourceTree = "<group>"; };
		84D46088D8183917A2954AA8 /* LinearProgressViewParameters.swift */ = {isa = PBXFileReference; lastKnownFileType = sourcecode.swift; path = LinearProgressViewParameters.swift; sourceTree = "<group>"; };
		87162D4B375DACAD3AE89ACD /* VoltraPersistentEventQueue.swift */ = {isa = PBXFileReference; lastKnownFileType = sourcecode.swift; path = VoltraPersistentEventQueue.swift; sourceTree = "<group>"; };
		886BCE7575E1973FE84CBF8F /* VoltraNode.swift */ = {isa = PBXFileReference; lastKnownFileType = sourcecode.swift; path = VoltraNode.swift; sourceTree = "<group>"; };
		8EFE363EDFCBFB3B66E7A98D /* VoltraLinearProgressView.swift */ = {isa = PBXFileReference; lastKnownFileType = sourcecode.swift; path = VoltraLinearProgressView.swift; sourceTree = "<group>"; };
		95786E401F485B1D41D38620 /* VoltraRegion.swift */ = {isa = PBXFileReference; lastKnownFileType = sourcecode.swift; path = VoltraRegion.swift; sourceTree = "<group>"; };
		9852A2608256AF25447EE3B3 /* LabelParameters.swift */ = {isa = PBXFileReference; lastKnownFileType = sourcecode.swift; path = LabelParameters.swift; sourceTree = "<group>"; };
		989DC7300E507FDBC6651D04 /* ImageParameters.swift */ = {isa = PBXFileReference; lastKnownFileType = sourcecode.swift; path = ImageParameters.swift; sourceTree = "<group>"; };
		992E387E2A565EB125DFD8DB /* FormParameters.swift */ = {isa = PBXFileReference; lastKnownFileType = sourcecode.swift; path = FormParameters.swift; sourceTree = "<group>"; };
		99C31BB77FAAEC61E28AFBA7 /* StyleConverter.swift */ = {isa = PBXFileReference; lastKnownFileType = sourcecode.swift; path = StyleConverter.swift; sourceTree = "<group>"; };
		9A0D46AA2BD4480B4AFEF7BD /* VoltraProgressDriver.swift */ = {isa = PBXFileReference; lastKnownFileType = sourcecode.swift; path = VoltraProgressDriver.swift; sourceTree = "<group>"; };
		9BD3EDC15CCAA6DD0B09632B /* DemoLynxProvider.swift */ = {isa = PBXFileReference; lastKnownFileType = sourcecode.swift; path = DemoLynxProvider.swift; sourceTree = "<group>"; };
		A0726501C83A2F9FE4032AD1 /* VoltraFlexView.swift */ = {isa = PBXFileReference; lastKnownFileType = sourcecode.swift; path = VoltraFlexView.swift; sourceTree = "<group>"; };
		A2F841CE63A7014F36FEDB29 /* BrotliCompression.swift */ = {isa = PBXFileReference; lastKnownFileType = sourcecode.swift; path = BrotliCompression.swift; sourceTree = "<group>"; };
		A300C7D8E8B7948C14BE8EC8 /* VoltraSymbol.swift */ = {isa = PBXFileReference; lastKnownFileType = sourcecode.swift; path = VoltraSymbol.swift; sourceTree = "<group>"; };
		A42F4C0ABD86C225AB1027E7 /* ShortNames.swift */ = {isa = PBXFileReference; lastKnownFileType = sourcecode.swift; path = ShortNames.swift; sourceTree = "<group>"; };
		A56A171A7505F64C6C3581F9 /* VoltraNode+Parameters.swift */ = {isa = PBXFileReference; lastKnownFileType = sourcecode.swift; path = "VoltraNode+Parameters.swift"; sourceTree = "<group>"; };
		A6F174A71C7156927C29A58F /* VoltraWidgetExtension.appex */ = {isa = PBXFileReference; includeInIndex = 0; lastKnownFileType = "wrapper.app-extension"; path = VoltraWidgetExtension.appex; sourceTree = BUILT_PRODUCTS_DIR; };
		A9D7B0E4833065A1EE20543B /* DividerParameters.swift */ = {isa = PBXFileReference; lastKnownFileType = sourcecode.swift; path = DividerParameters.swift; sourceTree = "<group>"; };
		B02FDCB97EA15FD77F2745B4 /* ButtonParameters.swift */ = {isa = PBXFileReference; lastKnownFileType = sourcecode.swift; path = ButtonParameters.swift; sourceTree = "<group>"; };
		BB4D8FAA0E37BDCE626E9EEA /* BoxParameters.swift */ = {isa = PBXFileReference; lastKnownFileType = sourcecode.swift; path = BoxParameters.swift; sourceTree = "<group>"; };
		BC1B8DD8853C44DEA73BDE7F /* HStackParameters.swift */ = {isa = PBXFileReference; lastKnownFileType = sourcecode.swift; path = HStackParameters.swift; sourceTree = "<group>"; };
		BE8170848167C2B36378155D /* Overflow.swift */ = {isa = PBXFileReference; lastKnownFileType = sourcecode.swift; path = Overflow.swift; sourceTree = "<group>"; };
		C01C4ED5567CBEC94363BE89 /* VoltraLiveActivityPayload.swift */ = {isa = PBXFileReference; lastKnownFileType = sourcecode.swift; path = VoltraLiveActivityPayload.swift; sourceTree = "<group>"; };
		C6DC2C55370679ED387C13E5 /* AndroidCheckBoxParameters.swift */ = {isa = PBXFileReference; lastKnownFileType = sourcecode.swift; path = AndroidCheckBoxParameters.swift; sourceTree = "<group>"; };
		C8F5410EE68A26C78BD8F6B3 /* FlexContainerHelper.swift */ = {isa = PBXFileReference; lastKnownFileType = sourcecode.swift; path = FlexContainerHelper.swift; sourceTree = "<group>"; };
		C92616D842738E9EF6F4966B /* VoltraGlassContainer.swift */ = {isa = PBXFileReference; lastKnownFileType = sourcecode.swift; path = VoltraGlassContainer.swift; sourceTree = "<group>"; };
		C9B91C791769375E46E850C9 /* GlassEffect.swift */ = {isa = PBXFileReference; lastKnownFileType = sourcecode.swift; path = GlassEffect.swift; sourceTree = "<group>"; };
		CC0989CB16A459ABEEA9DA87 /* BackgroundValue.swift */ = {isa = PBXFileReference; lastKnownFileType = sourcecode.swift; path = BackgroundValue.swift; sourceTree = "<group>"; };
		CEDED892726BD17F111FCD53 /* VoltraToggle.swift */ = {isa = PBXFileReference; lastKnownFileType = sourcecode.swift; path = VoltraToggle.swift; sourceTree = "<group>"; };
		CF38EE8765B585B11BEC7AFE /* VoltraDeepLinkResolver.swift */ = {isa = PBXFileReference; lastKnownFileType = sourcecode.swift; path = VoltraDeepLinkResolver.swift; sourceTree = "<group>"; };
		D01D0808C0A1D40140FEB965 /* ComponentTypeID.swift */ = {isa = PBXFileReference; lastKnownFileType = sourcecode.swift; path = ComponentTypeID.swift; sourceTree = "<group>"; };
		D07CB809C407AD0654A3F7DF /* VoltraVStack.swift */ = {isa = PBXFileReference; lastKnownFileType = sourcecode.swift; path = VoltraVStack.swift; sourceTree = "<group>"; };
		D29494FE9308EE5AB41A8386 /* VoltraPayloadMigrator.swift */ = {isa = PBXFileReference; lastKnownFileType = sourcecode.swift; path = VoltraPayloadMigrator.swift; sourceTree = "<group>"; };
		D3546FDA05B5A06B50C59D2C /* LynxVoltra-Bridging-Header.h */ = {isa = PBXFileReference; lastKnownFileType = sourcecode.c.h; path = "LynxVoltra-Bridging-Header.h"; sourceTree = "<group>"; };
		D3BF8622496E4F446DE4819C /* ScrollViewParameters.swift */ = {isa = PBXFileReference; lastKnownFileType = sourcecode.swift; path = ScrollViewParameters.swift; sourceTree = "<group>"; };
		D41DFD907E6382C8B7F99FF9 /* VoltraGroupBox.swift */ = {isa = PBXFileReference; lastKnownFileType = sourcecode.swift; path = VoltraGroupBox.swift; sourceTree = "<group>"; };
		D51A052DC2F74E271920B6AE /* VStackParameters.swift */ = {isa = PBXFileReference; lastKnownFileType = sourcecode.swift; path = VStackParameters.swift; sourceTree = "<group>"; };
		D63320835DE5B2820818675F /* SpacerParameters.swift */ = {isa = PBXFileReference; lastKnownFileType = sourcecode.swift; path = SpacerParameters.swift; sourceTree = "<group>"; };
		D994F886E936D123A955CA40 /* VoltraText.swift */ = {isa = PBXFileReference; lastKnownFileType = sourcecode.swift; path = VoltraText.swift; sourceTree = "<group>"; };
		DA89555480A5F4D279E92923 /* ChartParameters.swift */ = {isa = PBXFileReference; lastKnownFileType = sourcecode.swift; path = ChartParameters.swift; sourceTree = "<group>"; };
		DDBDB386849AA493DE7FD881 /* GroupBoxParameters.swift */ = {isa = PBXFileReference; lastKnownFileType = sourcecode.swift; path = GroupBoxParameters.swift; sourceTree = "<group>"; };
		DFBC6AEC15DF7382C4CAA0D8 /* PickerParameters.swift */ = {isa = PBXFileReference; lastKnownFileType = sourcecode.swift; path = PickerParameters.swift; sourceTree = "<group>"; };
		E04E47A3A3A05E310A1C2451 /* LinearGradientParameters.swift */ = {isa = PBXFileReference; lastKnownFileType = sourcecode.swift; path = LinearGradientParameters.swift; sourceTree = "<group>"; };
		E32E947F4729D0EB5F3E7DEE /* VoltraOptions.swift */ = {isa = PBXFileReference; lastKnownFileType = sourcecode.swift; path = VoltraOptions.swift; sourceTree = "<group>"; };
		E51832C5C6B97B0878B4E5C5 /* HSplitViewParameters.swift */ = {isa = PBXFileReference; lastKnownFileType = sourcecode.swift; path = HSplitViewParameters.swift; sourceTree = "<group>"; };
		E5611151DB7CC419E0660569 /* VoltraImagePreload.swift */ = {isa = PBXFileReference; lastKnownFileType = sourcecode.swift; path = VoltraImagePreload.swift; sourceTree = "<group>"; };
		E6D6C0747C0A4F63C33A7735 /* VoltraAttributes.swift */ = {isa = PBXFileReference; lastKnownFileType = sourcecode.swift; path = VoltraAttributes.swift; sourceTree = "<group>"; };
		E8B399FDEE57A20E655C5C24 /* JSStyleParser.swift */ = {isa = PBXFileReference; lastKnownFileType = sourcecode.swift; path = JSStyleParser.swift; sourceTree = "<group>"; };
		EB63644323E583227F09AF39 /* TimerParameters.swift */ = {isa = PBXFileReference; lastKnownFileType = sourcecode.swift; path = TimerParameters.swift; sourceTree = "<group>"; };
		EBCA08E99A629408B2C58062 /* DecorationStyle.swift */ = {isa = PBXFileReference; lastKnownFileType = sourcecode.swift; path = DecorationStyle.swift; sourceTree = "<group>"; };
		EF84BFF01DE09ADB2E67828B /* SliderParameters.swift */ = {isa = PBXFileReference; lastKnownFileType = sourcecode.swift; path = SliderParameters.swift; sourceTree = "<group>"; };
		F14D03BA8AA600A9598EC56F /* VoltraElement.swift */ = {isa = PBXFileReference; lastKnownFileType = sourcecode.swift; path = VoltraElement.swift; sourceTree = "<group>"; };
		F290C28E32787B7E929B8F50 /* VoltraWidgetDefaults.swift */ = {isa = PBXFileReference; lastKnownFileType = sourcecode.swift; path = VoltraWidgetDefaults.swift; sourceTree = "<group>"; };
		F3BFB4835BADDF5B6FBDC1DB /* VoltraConstants.swift */ = {isa = PBXFileReference; lastKnownFileType = sourcecode.swift; path = VoltraConstants.swift; sourceTree = "<group>"; };
		F4326BBB806E50DECC2BE8BA /* VoltraMask.swift */ = {isa = PBXFileReference; lastKnownFileType = sourcecode.swift; path = VoltraMask.swift; sourceTree = "<group>"; };
		F51594F0FCFAB1CC856E2411 /* Info.plist */ = {isa = PBXFileReference; lastKnownFileType = text.plist; path = Info.plist; sourceTree = "<group>"; };
		F5DE2DDE94729D32A6B559E4 /* ViewController.swift */ = {isa = PBXFileReference; lastKnownFileType = sourcecode.swift; path = ViewController.swift; sourceTree = "<group>"; };
		F660CCDC6B087EB9F3736F7D /* VoltraZStack.swift */ = {isa = PBXFileReference; lastKnownFileType = sourcecode.swift; path = VoltraZStack.swift; sourceTree = "<group>"; };
		F8D581994F8293BE7FF139AE /* LynxVoltra.app */ = {isa = PBXFileReference; includeInIndex = 0; lastKnownFileType = wrapper.application; path = LynxVoltra.app; sourceTree = BUILT_PRODUCTS_DIR; };
		F8F08C976B29C9AFC062C5CC /* CompositeStyle.swift */ = {isa = PBXFileReference; lastKnownFileType = sourcecode.swift; path = CompositeStyle.swift; sourceTree = "<group>"; };
		F99CE67AA6DC7EF101852CBC /* VoltraHStack.swift */ = {isa = PBXFileReference; lastKnownFileType = sourcecode.swift; path = VoltraHStack.swift; sourceTree = "<group>"; };
		F9ABE842F938BBE818472BC6 /* ComponentParameters.swift */ = {isa = PBXFileReference; lastKnownFileType = sourcecode.swift; path = ComponentParameters.swift; sourceTree = "<group>"; };
		FDF9AA4A98097B6D6079AF32 /* VoltraWidgetServerFetcher.swift */ = {isa = PBXFileReference; lastKnownFileType = sourcecode.swift; path = VoltraWidgetServerFetcher.swift; sourceTree = "<group>"; };
/* End PBXFileReference section */

/* Begin PBXFrameworksBuildPhase section */
		DAC1121A69FC58FDAECD8248 /* Frameworks */ = {
			isa = PBXFrameworksBuildPhase;
			buildActionMask = 2147483647;
			files = (
				92BB99EB869A55B00E525090 /* Pods_LynxVoltra.framework in Frameworks */,
			);
			runOnlyForDeploymentPostprocessing = 0;
		};
/* End PBXFrameworksBuildPhase section */

/* Begin PBXGroup section */
		04B476B85163F7DA9E6C2DB7 /* Parameters */ = {
			isa = PBXGroup;
			children = (
				C6DC2C55370679ED387C13E5 /* AndroidCheckBoxParameters.swift */,
				2D3CEB6A9D42B85029DBFF01 /* AndroidRadioButtonParameters.swift */,
				4146C1D75A9C81AF580F7C6B /* AndroidSwitchParameters.swift */,
				BB4D8FAA0E37BDCE626E9EEA /* BoxParameters.swift */,
				B02FDCB97EA15FD77F2745B4 /* ButtonParameters.swift */,
				DA89555480A5F4D279E92923 /* ChartParameters.swift */,
				30FCD9C5E82BF36A711A8F38 /* CircularProgressViewParameters.swift */,
				F9ABE842F938BBE818472BC6 /* ComponentParameters.swift */,
				3A1E68EE4DBC6B1B631D9272 /* DisclosureGroupParameters.swift */,
				A9D7B0E4833065A1EE20543B /* DividerParameters.swift */,
				819317B9B14C4210546E213C /* FilledButtonParameters.swift */,
				992E387E2A565EB125DFD8DB /* FormParameters.swift */,
				04D5C818FF7EFFED9651D835 /* GaugeParameters.swift */,
				2D18EED3ED292A233CF0A334 /* GlassContainerParameters.swift */,
				DDBDB386849AA493DE7FD881 /* GroupBoxParameters.swift */,
				E51832C5C6B97B0878B4E5C5 /* HSplitViewParameters.swift */,
				BC1B8DD8853C44DEA73BDE7F /* HStackParameters.swift */,
				989DC7300E507FDBC6651D04 /* ImageParameters.swift */,
				9852A2608256AF25447EE3B3 /* LabelParameters.swift */,
				E04E47A3A3A05E310A1C2451 /* LinearGradientParameters.swift */,
				84D46088D8183917A2954AA8 /* LinearProgressViewParameters.swift */,
				6B9F9AA274859AA769C44F8C /* LinkParameters.swift */,
				37B9D15AA368A68AC83DF874 /* ListParameters.swift */,
				211AF7A9EB88AA17532A7069 /* MaskParameters.swift */,
				3E648F7244EE907917241077 /* NavigationViewParameters.swift */,
				DFBC6AEC15DF7382C4CAA0D8 /* PickerParameters.swift */,
				D3BF8622496E4F446DE4819C /* ScrollViewParameters.swift */,
				EF84BFF01DE09ADB2E67828B /* SliderParameters.swift */,
				D63320835DE5B2820818675F /* SpacerParameters.swift */,
				15DEDA804A0824C0C30E2E69 /* SymbolParameters.swift */,
				6D51773AAC9A9B0B1AC2CCBD /* TextParameters.swift */,
				EB63644323E583227F09AF39 /* TimerParameters.swift */,
				21239D995E2F8CD1B5B72BEA /* ToggleParameters.swift */,
				50379162C4C14341CDA0DF42 /* ViewParameters.swift */,
				60E4F9944E6E2CDF06B37427 /* VSplitViewParameters.swift */,
				D51A052DC2F74E271920B6AE /* VStackParameters.swift */,
				49D7968973198369C39945E6 /* ZStackParameters.swift */,
			);
			path = Parameters;
			sourceTree = "<group>";
		};
		2165C9B134A158225D125273 /* app */ = {
			isa = PBXGroup;
			children = (
				139C5E8E4D1461E15AEDA46C /* VoltraActivity.swift */,
				E5611151DB7CC419E0660569 /* VoltraImagePreload.swift */,
				03D7EF4EC7C4ECD996CCFBEC /* VoltraLiveActivityManager.swift */,
				23B50F4DE754B5BAC6D7E084 /* VoltraLiveActivityService.swift */,
				28B0ED9691037B21CF87062F /* VoltraLynxModule.swift */,
				61B9764AADD8BFF042AEBA05 /* VoltraModuleImpl.swift */,
				E32E947F4729D0EB5F3E7DEE /* VoltraOptions.swift */,
				7AE3F1734C972F05C9857820 /* VoltraWidgetService.swift */,
			);
			path = app;
			sourceTree = "<group>";
		};
		2DB967C0E823BED14C0867D0 /* Layout */ = {
			isa = PBXGroup;
			children = (
				C8F5410EE68A26C78BD8F6B3 /* FlexContainerHelper.swift */,
				8447515348454ABAE21C1A78 /* VoltraFlexStackLayout.swift */,
			);
			path = Layout;
			sourceTree = "<group>";
		};
		3728A786E8F7EE6E4094E550 /* Voltra */ = {
			isa = PBXGroup;
			children = (
				2165C9B134A158225D125273 /* app */,
				DF1731D055E176B16AA9A312 /* shared */,
				64478D963F5FF0FFAFD03F18 /* ui */,
			);
			path = Voltra;
			sourceTree = "<group>";
		};
		544477FC479D77F2261F5892 /* Products */ = {
			isa = PBXGroup;
			children = (
				F8D581994F8293BE7FF139AE /* LynxVoltra.app */,
				A6F174A71C7156927C29A58F /* VoltraWidgetExtension.appex */,
			);
			name = Products;
			sourceTree = "<group>";
		};
		5D2E47D1B05EEC303096F472 /* Protocols */ = {
			isa = PBXGroup;
			children = (
				6B14D22B9A0FBEA2EBB4AA2B /* VoltraView.swift */,
			);
			path = Protocols;
			sourceTree = "<group>";
		};
		64478D963F5FF0FFAFD03F18 /* ui */ = {
			isa = PBXGroup;
			children = (
				7F81F0E1489469E85A78E22B /* Voltra.swift */,
				81F086485D79C12D3C2798D4 /* Extensions */,
				F6E6DBDDF7770E4355B841B2 /* Generated */,
				A6CAF5B167B810C7E2EB2A8F /* Helpers */,
				2DB967C0E823BED14C0867D0 /* Layout */,
				5D2E47D1B05EEC303096F472 /* Protocols */,
				A7BF3D2CF591AE2830A17429 /* Style */,
				C240B645DE963FDC9A54CE9C /* Views */,
			);
			path = ui;
			sourceTree = "<group>";
		};
		6812F3E497906946B32B68B2 /* target */ = {
			isa = PBXGroup;
			children = (
				455F90D5F27FD257ED8E87A6 /* Info.plist */,
				132A7590CE0464FD0A5BF279 /* VoltraHomeWidget.swift */,
				565FEA52BAA7FBFF49173FB3 /* VoltraWidget.swift */,
			);
			name = target;
			path = LynxVoltra/Voltra/target;
			sourceTree = "<group>";
		};
		81F086485D79C12D3C2798D4 /* Extensions */ = {
			isa = PBXGroup;
			children = (
				312447C52865B93299FD97ED /* View.modifiers.swift */,
				A56A171A7505F64C6C3581F9 /* VoltraNode+Parameters.swift */,
			);
			path = Extensions;
			sourceTree = "<group>";
		};
		9112D1834992AB1591FF836C = {
			isa = PBXGroup;
			children = (
				D30410F5DA274993E9ECD09C /* LynxVoltra */,
				6812F3E497906946B32B68B2 /* target */,
				544477FC479D77F2261F5892 /* Products */,
				BD436C2B4C9FA2B1D60C5CA0 /* Pods */,
				B7D5C866545F1C3DE8F95368 /* Frameworks */,
			);
			sourceTree = "<group>";
		};
		A6CAF5B167B810C7E2EB2A8F /* Helpers */ = {
			isa = PBXGroup;
			children = (
				CF38EE8765B585B11BEC7AFE /* VoltraDeepLinkResolver.swift */,
				9A0D46AA2BD4480B4AFEF7BD /* VoltraProgressDriver.swift */,
			);
			path = Helpers;
			sourceTree = "<group>";
		};
		A7BF3D2CF591AE2830A17429 /* Style */ = {
			isa = PBXGroup;
			children = (
				CC0989CB16A459ABEEA9DA87 /* BackgroundValue.swift */,
				F8F08C976B29C9AFC062C5CC /* CompositeStyle.swift */,
				EBCA08E99A629408B2C58062 /* DecorationStyle.swift */,
				471ECBDA67AC9A24AB7EF680 /* FlexEnvironment.swift */,
				2D802A10C9E30A9ADE597313 /* FontVariant.swift */,
				C9B91C791769375E46E850C9 /* GlassEffect.swift */,
				5D95A56383A1F3957C501734 /* JSColorParser.swift */,
				24F6E62B6CAADC64789EF65F /* JSGradientParser.swift */,
				E8B399FDEE57A20E655C5C24 /* JSStyleParser.swift */,
				31515EEE5AB58A9F09DBFC5D /* LayoutStyle.swift */,
				BE8170848167C2B36378155D /* Overflow.swift */,
				198A530168F166095381D7A6 /* RenderingStyle.swift */,
				99C31BB77FAAEC61E28AFBA7 /* StyleConverter.swift */,
				4AA31BB4AAF0C22AEF4128AA /* TextDecoration.swift */,
				290CFE12CE9E046D9B81477D /* TextStyle.swift */,
				3F48EE507BE5717827E66370 /* View+applyStyle.swift */,
			);
			path = Style;
			sourceTree = "<group>";
		};
		B7D5C866545F1C3DE8F95368 /* Frameworks */ = {
			isa = PBXGroup;
			children = (
				782C931F9D4C2601A7073D18 /* Pods_LynxVoltra.framework */,
			);
			name = Frameworks;
			sourceTree = "<group>";
		};
		BD436C2B4C9FA2B1D60C5CA0 /* Pods */ = {
			isa = PBXGroup;
			children = (
				4EE4C2E2C95D12C69070276A /* Pods-LynxVoltra.debug.xcconfig */,
				2A2845C73371FFCC8D26208C /* Pods-LynxVoltra.release.xcconfig */,
			);
			name = Pods;
			path = Pods;
			sourceTree = "<group>";
		};
		C240B645DE963FDC9A54CE9C /* Views */ = {
			isa = PBXGroup;
			children = (
				5BD1878DA110E4AD0440F245 /* VoltraButton.swift */,
				773689D8A0B36618B22E0F5E /* VoltraChart.swift */,
				47E8AE63B85A7BD2EE211764 /* VoltraCircularProgressView.swift */,
				4AD9277E4D60906F7D62CB8D /* VoltraDivider.swift */,
				A0726501C83A2F9FE4032AD1 /* VoltraFlexView.swift */,
				1E6B107B73CE7FFD758467F3 /* VoltraGauge.swift */,
				C92616D842738E9EF6F4966B /* VoltraGlassContainer.swift */,
				D41DFD907E6382C8B7F99FF9 /* VoltraGroupBox.swift */,
				F99CE67AA6DC7EF101852CBC /* VoltraHStack.swift */,
				838BA1F34DB04F78E0DD6A16 /* VoltraImage.swift */,
				575AB9DEB264604365E171FE /* VoltraLabel.swift */,
				1984C458331A97D82DAB6D3C /* VoltraLinearGradient.swift */,
				8EFE363EDFCBFB3B66E7A98D /* VoltraLinearProgressView.swift */,
				3D7C0C7BF434DB605784F2F8 /* VoltraLink.swift */,
				F4326BBB806E50DECC2BE8BA /* VoltraMask.swift */,
				585B4C34BF5DEDC261311817 /* VoltraSpacer.swift */,
				A300C7D8E8B7948C14BE8EC8 /* VoltraSymbol.swift */,
				D994F886E936D123A955CA40 /* VoltraText.swift */,
				6B74755D0557CC0704574025 /* VoltraTimer.swift */,
				CEDED892726BD17F111FCD53 /* VoltraToggle.swift */,
				D07CB809C407AD0654A3F7DF /* VoltraVStack.swift */,
				F660CCDC6B087EB9F3736F7D /* VoltraZStack.swift */,
			);
			path = Views;
			sourceTree = "<group>";
		};
		D30410F5DA274993E9ECD09C /* LynxVoltra */ = {
			isa = PBXGroup;
			children = (
				4BD924796FBB8A6747843C0D /* AppDelegate.swift */,
				9BD3EDC15CCAA6DD0B09632B /* DemoLynxProvider.swift */,
				F51594F0FCFAB1CC856E2411 /* Info.plist */,
				D3546FDA05B5A06B50C59D2C /* LynxVoltra-Bridging-Header.h */,
				F5DE2DDE94729D32A6B559E4 /* ViewController.swift */,
				3728A786E8F7EE6E4094E550 /* Voltra */,
			);
			path = LynxVoltra;
			sourceTree = "<group>";
		};
		DF1731D055E176B16AA9A312 /* shared */ = {
			isa = PBXGroup;
			children = (
				A2F841CE63A7014F36FEDB29 /* BrotliCompression.swift */,
				D01D0808C0A1D40140FEB965 /* ComponentTypeID.swift */,
				5121C7FEFCD89466C6B148AB /* Data+hexString.swift */,
				5AB55A2FAE1597E810CE129B /* Date+toTimerInterval.swift */,
				2BFCA27B41D8A6BD4D7999A3 /* JSONValue.swift */,
				A42F4C0ABD86C225AB1027E7 /* ShortNames.swift */,
				E6D6C0747C0A4F63C33A7735 /* VoltraAttributes.swift */,
				701E2A301D27D6EC831DDE35 /* VoltraConfig.swift */,
				F3BFB4835BADDF5B6FBDC1DB /* VoltraConstants.swift */,
				F14D03BA8AA600A9598EC56F /* VoltraElement.swift */,
				7C22D618F420621113A86294 /* VoltraEvent.swift */,
				3AFA73A75620D17F3BA8690A /* VoltraEventBus.swift */,
				34DD7B95278463C52AD57B2F /* VoltraImageStore.swift */,
				5E1B2930AE9365842241458A /* VoltraInteractionIntent.swift */,
				5C2FD9028689BCA79E77F48F /* VoltraKeychainHelper.swift */,
				C01C4ED5567CBEC94363BE89 /* VoltraLiveActivityPayload.swift */,
				3935D7E19AA21A38370E478E /* VoltraLogger.swift */,
				886BCE7575E1973FE84CBF8F /* VoltraNode.swift */,
				D29494FE9308EE5AB41A8386 /* VoltraPayloadMigrator.swift */,
				87162D4B375DACAD3AE89ACD /* VoltraPersistentEventQueue.swift */,
				0C4EB01F8E73AB324176FBFA /* VoltraRefreshIntent.swift */,
				95786E401F485B1D41D38620 /* VoltraRegion.swift */,
				F290C28E32787B7E929B8F50 /* VoltraWidgetDefaults.swift */,
				FDF9AA4A98097B6D6079AF32 /* VoltraWidgetServerFetcher.swift */,
			);
			path = shared;
			sourceTree = "<group>";
		};
		F6E6DBDDF7770E4355B841B2 /* Generated */ = {
			isa = PBXGroup;
			children = (
				04B476B85163F7DA9E6C2DB7 /* Parameters */,
			);
			path = Generated;
			sourceTree = "<group>";
		};
/* End PBXGroup section */

/* Begin PBXNativeTarget section */
		4DDB47E8606FAEBE57D48380 /* VoltraWidgetExtension */ = {
			isa = PBXNativeTarget;
			buildConfigurationList = FE934D113F3199AE50B49123 /* Build configuration list for PBXNativeTarget "VoltraWidgetExtension" */;
			buildPhases = (
				7CE557EAE03E38F266F5FCCD /* Sources */,
			);
			buildRules = (
			);
			dependencies = (
			);
			name = VoltraWidgetExtension;
			productName = VoltraWidgetExtension;
			productReference = A6F174A71C7156927C29A58F /* VoltraWidgetExtension.appex */;
			productType = "com.apple.product-type.app-extension";
		};
		ED5258C433F27584D28BB6B2 /* LynxVoltra */ = {
			isa = PBXNativeTarget;
			buildConfigurationList = CC35C487C9F1E0193E12169B /* Build configuration list for PBXNativeTarget "LynxVoltra" */;
			buildPhases = (
				2C24C3ECCA63016CCA5F41CD /* [CP] Check Pods Manifest.lock */,
				D57DBAB6D890692563F83F7B /* Sources */,
				DAC1121A69FC58FDAECD8248 /* Frameworks */,
				91820B7E783F7EF318BE69EE /* [CP] Copy Pods Resources */,
			);
			buildRules = (
			);
			dependencies = (
			);
			name = LynxVoltra;
			productName = LynxVoltra;
			productReference = F8D581994F8293BE7FF139AE /* LynxVoltra.app */;
			productType = "com.apple.product-type.application";
		};
/* End PBXNativeTarget section */

/* Begin PBXProject section */
		7AB3D0562717EEC6B4D75EF3 /* Project object */ = {
			isa = PBXProject;
			attributes = {
				BuildIndependentTargetsInParallel = YES;
				LastUpgradeCheck = 1600;
				TargetAttributes = {
				};
			};
			buildConfigurationList = DE2ABA97B1314B7CD47B67B8 /* Build configuration list for PBXProject "LynxVoltra" */;
			developmentRegion = en;
			hasScannedForEncodings = 0;
			knownRegions = (
				Base,
				en,
			);
			mainGroup = 9112D1834992AB1591FF836C;
			minimizedProjectReferenceProxies = 1;
			preferredProjectObjectVersion = 77;
			productRefGroup = 544477FC479D77F2261F5892 /* Products */;
			projectDirPath = "";
			projectRoot = "";
			targets = (
				ED5258C433F27584D28BB6B2 /* LynxVoltra */,
				4DDB47E8606FAEBE57D48380 /* VoltraWidgetExtension */,
			);
		};
/* End PBXProject section */

/* Begin PBXShellScriptBuildPhase section */
		2C24C3ECCA63016CCA5F41CD /* [CP] Check Pods Manifest.lock */ = {
			isa = PBXShellScriptBuildPhase;
			buildActionMask = 2147483647;
			files = (
			);
			inputFileListPaths = (
			);
			inputPaths = (
				"${PODS_PODFILE_DIR_PATH}/Podfile.lock",
				"${PODS_ROOT}/Manifest.lock",
			);
			name = "[CP] Check Pods Manifest.lock";
			outputFileListPaths = (
			);
			outputPaths = (
				"$(DERIVED_FILE_DIR)/Pods-LynxVoltra-checkManifestLockResult.txt",
			);
			runOnlyForDeploymentPostprocessing = 0;
			shellPath = /bin/sh;
			shellScript = "diff \"${PODS_PODFILE_DIR_PATH}/Podfile.lock\" \"${PODS_ROOT}/Manifest.lock\" > /dev/null\nif [ $? != 0 ] ; then\n    # print error to STDERR\n    echo \"error: The sandbox is not in sync with the Podfile.lock. Run 'pod install' or update your CocoaPods installation.\" >&2\n    exit 1\nfi\n# This output is used by Xcode 'outputs' to avoid re-running this script phase.\necho \"SUCCESS\" > \"${SCRIPT_OUTPUT_FILE_0}\"\n";
			showEnvVarsInLog = 0;
		};
		91820B7E783F7EF318BE69EE /* [CP] Copy Pods Resources */ = {
			isa = PBXShellScriptBuildPhase;
			buildActionMask = 2147483647;
			files = (
			);
			inputFileListPaths = (
				"${PODS_ROOT}/Target Support Files/Pods-LynxVoltra/Pods-LynxVoltra-resources-${CONFIGURATION}-input-files.xcfilelist",
			);
			name = "[CP] Copy Pods Resources";
			outputFileListPaths = (
				"${PODS_ROOT}/Target Support Files/Pods-LynxVoltra/Pods-LynxVoltra-resources-${CONFIGURATION}-output-files.xcfilelist",
			);
			runOnlyForDeploymentPostprocessing = 0;
			shellPath = /bin/sh;
			shellScript = "\"${PODS_ROOT}/Target Support Files/Pods-LynxVoltra/Pods-LynxVoltra-resources.sh\"\n";
			showEnvVarsInLog = 0;
		};
/* End PBXShellScriptBuildPhase section */

/* Begin PBXSourcesBuildPhase section */
		7CE557EAE03E38F266F5FCCD /* Sources */ = {
			isa = PBXSourcesBuildPhase;
			buildActionMask = 2147483647;
			files = (
				29323F3666D19FE83C189E41 /* AndroidCheckBoxParameters.swift in Sources */,
				31F0D2920DAD203545002D19 /* AndroidRadioButtonParameters.swift in Sources */,
				4FA6820163B3E0FDBA4C0453 /* AndroidSwitchParameters.swift in Sources */,
				4D12FA7D99DEF699696B6238 /* BackgroundValue.swift in Sources */,
				18F5657CA8C529F48E529039 /* BoxParameters.swift in Sources */,
				5FF4215AEBF0499311FF26D4 /* BrotliCompression.swift in Sources */,
				9C431695CF2C294C127BAD72 /* ButtonParameters.swift in Sources */,
				4774FF95855E194F3E8D54D6 /* ChartParameters.swift in Sources */,
				DFE8646E1FCEF660752EE88D /* CircularProgressViewParameters.swift in Sources */,
				3F6E3D9804027464CBC18E47 /* ComponentParameters.swift in Sources */,
				217F011F84A1DEB1A5B4D304 /* ComponentTypeID.swift in Sources */,
				68D40D5FA46A90628CA13BD1 /* CompositeStyle.swift in Sources */,
				494C85E5E99A54FC91614A53 /* Data+hexString.swift in Sources */,
				62BE6528A69692381DCB7D24 /* Date+toTimerInterval.swift in Sources */,
				F848C01B3B986415C08E8FD8 /* DecorationStyle.swift in Sources */,
				8978B41FE7FBAF8B1DF1B4B3 /* DisclosureGroupParameters.swift in Sources */,
				C3D38B8D804057B88B0CFAA7 /* DividerParameters.swift in Sources */,
				A4017B2C0CDA79DF44151FB9 /* FilledButtonParameters.swift in Sources */,
				BC17A7754F401DB5A4CFB1D2 /* FlexContainerHelper.swift in Sources */,
				1C9F365A68FCF9B16128F1CF /* FlexEnvironment.swift in Sources */,
				1055AD79316764D0331C1381 /* FontVariant.swift in Sources */,
				C7900813F0A4036AAF3FE921 /* FormParameters.swift in Sources */,
				30B6AC14215A22A0583345A7 /* GaugeParameters.swift in Sources */,
				EDDC530A2AB47E0DBE317236 /* GlassContainerParameters.swift in Sources */,
				01ADA6E7EBFB0C2E08947A88 /* GlassEffect.swift in Sources */,
				2BFAACD989A1BA3FC544AA4F /* GroupBoxParameters.swift in Sources */,
				C1547A4B85B41EC61184AD56 /* HSplitViewParameters.swift in Sources */,
				A0B874FB0BE4A9FF94E347C8 /* HStackParameters.swift in Sources */,
				5811A78AA05107BDE828EE48 /* ImageParameters.swift in Sources */,
				82116FD0EC67CE09A28DC000 /* JSColorParser.swift in Sources */,
				EE34D220C37882A3B571ABC5 /* JSGradientParser.swift in Sources */,
				BEB8514899A795CA323CC765 /* JSONValue.swift in Sources */,
				701803391EB569F7C055A5C1 /* JSStyleParser.swift in Sources */,
				5CCDCCCF16DD7099CF99A94E /* LabelParameters.swift in Sources */,
				45DF05B6580A53BD0FF18E5E /* LayoutStyle.swift in Sources */,
				65B7B54D417A307A3A6BFB46 /* LinearGradientParameters.swift in Sources */,
				97B02485D2FA0C0470C8F27A /* LinearProgressViewParameters.swift in Sources */,
				652BA20127F725EC9987FBE7 /* LinkParameters.swift in Sources */,
				FC038AE91B34B278002E65BD /* ListParameters.swift in Sources */,
				1332DA1887B1812A39BCACD1 /* MaskParameters.swift in Sources */,
				84F1B360BEEB23E2E9D0D037 /* NavigationViewParameters.swift in Sources */,
				F551F1E677B19FF33DDED1BB /* Overflow.swift in Sources */,
				F850BF1AACE79D731F508D35 /* PickerParameters.swift in Sources */,
				838612EE666AC33AEB868514 /* RenderingStyle.swift in Sources */,
				3B7093093921F7C03B21E63D /* ScrollViewParameters.swift in Sources */,
				BD2D826E8A15A5D9A9C1F508 /* ShortNames.swift in Sources */,
				6BE7D86A2B4302D0FA8FE0C0 /* SliderParameters.swift in Sources */,
				63000634260226796C425D62 /* SpacerParameters.swift in Sources */,
				A21C4C0CAE9931A17D4B1A8D /* StyleConverter.swift in Sources */,
				8FD749C18594AA027E25F7AC /* SymbolParameters.swift in Sources */,
				CFBB92EBEF214E2EECED319B /* TextDecoration.swift in Sources */,
				D944EC5272DF2A437CF3A0D7 /* TextParameters.swift in Sources */,
				BA78791F29E91DB1FAD5C826 /* TextStyle.swift in Sources */,
				50D66B4F26099A564A3D3C21 /* TimerParameters.swift in Sources */,
				E718B7D19380EA925FB6E92F /* ToggleParameters.swift in Sources */,
				96F8DC1DD1A963283BAC24CB /* VSplitViewParameters.swift in Sources */,
				40A896BF9EE798432F5AA543 /* VStackParameters.swift in Sources */,
				8A084F716D73BB87DF62C563 /* View+applyStyle.swift in Sources */,
				4D65634CF49543638353945E /* View.modifiers.swift in Sources */,
				FAA9D717204E538828DD14B9 /* ViewParameters.swift in Sources */,
				99E073DDBBFA630628F6D0F9 /* Voltra.swift in Sources */,
				2C9B1722B04118EB21FF9A92 /* VoltraAttributes.swift in Sources */,
				71A2CC51656A267CBC351038 /* VoltraButton.swift in Sources */,
				9CF9DAD598E693A445641257 /* VoltraChart.swift in Sources */,
				DA8F7C93828F6FFAE9D6D760 /* VoltraCircularProgressView.swift in Sources */,
				A35F9AD92510FFA844137693 /* VoltraConfig.swift in Sources */,
				A1FF971F42ECE9FA5112B0CD /* VoltraConstants.swift in Sources */,
				C326C3E4A2078BC899487B9E /* VoltraDeepLinkResolver.swift in Sources */,
				F35226E09E880D3592D3DC39 /* VoltraDivider.swift in Sources */,
				ECF662DF5FD05FACA2D35B36 /* VoltraElement.swift in Sources */,
				E0E4CB2ACC90447E09B1E103 /* VoltraEvent.swift in Sources */,
				CCBE24D6A348E73A2EDE9285 /* VoltraEventBus.swift in Sources */,
				A16DBCCD2D3F3F80CAA5D64A /* VoltraFlexStackLayout.swift in Sources */,
				59273F25072A50473AC88D4C /* VoltraFlexView.swift in Sources */,
				D1940F1527B9224BA474937C /* VoltraGauge.swift in Sources */,
				E42B17EAD539EAFF896C09D9 /* VoltraGlassContainer.swift in Sources */,
				68D82D583BAE15AC69673238 /* VoltraGroupBox.swift in Sources */,
				3D1BF56BAD0BB0AD18A6B7CB /* VoltraHStack.swift in Sources */,
				F84A579F01F7281AB6EEF7D7 /* VoltraHomeWidget.swift in Sources */,
				FD926D05F37E42D45A97B3CB /* VoltraImage.swift in Sources */,
				8B1B96F143FDA4373CBDC502 /* VoltraImageStore.swift in Sources */,
				616D6B4F6D690D9E54744FF7 /* VoltraInteractionIntent.swift in Sources */,
				E8DB35EFD907AFE8BF1E0D9A /* VoltraKeychainHelper.swift in Sources */,
				B8EFF366DE3E50763F4B5C4E /* VoltraLabel.swift in Sources */,
				824E29C64875AF816470A3F3 /* VoltraLinearGradient.swift in Sources */,
				C0CD27C53E06FD24483AAEA9 /* VoltraLinearProgressView.swift in Sources */,
				F9726DCD2890BA3C2B46E026 /* VoltraLink.swift in Sources */,
				42DF803B1F663946B42F0AA0 /* VoltraLiveActivityPayload.swift in Sources */,
				A1E50F2FB930BAB4F2068A8F /* VoltraLogger.swift in Sources */,
				7E2D9A7578297FEDC50F1B6F /* VoltraMask.swift in Sources */,
				06A063A6900BF8B769136A5D /* VoltraNode+Parameters.swift in Sources */,
				78CC12F1B9764DB86AFC0FEA /* VoltraNode.swift in Sources */,
				5D612C271B51554431FA603D /* VoltraPayloadMigrator.swift in Sources */,
				4E61C940055DFD490DEBE4FF /* VoltraPersistentEventQueue.swift in Sources */,
				23858C5127E89B37E71AEEAB /* VoltraProgressDriver.swift in Sources */,
				50B969157A01D77D490524CC /* VoltraRefreshIntent.swift in Sources */,
				A9B39C92D0868AC4BDC24164 /* VoltraRegion.swift in Sources */,
				4D00607E884DB0149A997F3D /* VoltraSpacer.swift in Sources */,
				98F1488658EB2A20B47D19B8 /* VoltraSymbol.swift in Sources */,
				3267F6CB2E52C11E61436EC3 /* VoltraText.swift in Sources */,
				92FA9EEEC8AFAC746C36662D /* VoltraTimer.swift in Sources */,
				8BD0A69D67200718E2DB8BBD /* VoltraToggle.swift in Sources */,
				A4E0E175F3C1551CB7E9370B /* VoltraVStack.swift in Sources */,
				F56248F8848162BDBEFDE667 /* VoltraView.swift in Sources */,
				4C7635E0899AF7762F0344F3 /* VoltraWidget.swift in Sources */,
				B9253D33A96A1472013EB747 /* VoltraWidgetDefaults.swift in Sources */,
				DCC0A8BA8D7A6B32C06687A5 /* VoltraWidgetServerFetcher.swift in Sources */,
				07EDC177D1F2F6907CA58350 /* VoltraZStack.swift in Sources */,
				D30351CF074056D323A1968C /* ZStackParameters.swift in Sources */,
			);
			runOnlyForDeploymentPostprocessing = 0;
		};
		D57DBAB6D890692563F83F7B /* Sources */ = {
			isa = PBXSourcesBuildPhase;
			buildActionMask = 2147483647;
			files = (
				942D7F478A6437D8505CB4BC /* AndroidCheckBoxParameters.swift in Sources */,
				A98B07962C4034133992B934 /* AndroidRadioButtonParameters.swift in Sources */,
				CC5B89DBFE6162251886E9A7 /* AndroidSwitchParameters.swift in Sources */,
				5445E74A7A6E7BFFFB922DB6 /* AppDelegate.swift in Sources */,
				B7138E9366825E1D78AE9453 /* BackgroundValue.swift in Sources */,
				666B3D1CE3290DB463C2F24D /* BoxParameters.swift in Sources */,
				5447A8832C0C08891CB0440A /* BrotliCompression.swift in Sources */,
				B81507C1E67868691AE11C2D /* ButtonParameters.swift in Sources */,
				A9527000B7E5211172002601 /* ChartParameters.swift in Sources */,
				E9A8536F4071390B1359511F /* CircularProgressViewParameters.swift in Sources */,
				FF707CD4FA14C78108DDAFC5 /* ComponentParameters.swift in Sources */,
				C83B6AA331D026BB9FE8B27D /* ComponentTypeID.swift in Sources */,
				FD51356D188DC9BCCB521CFC /* CompositeStyle.swift in Sources */,
				3EE71C1B17D5D6F781C932EF /* Data+hexString.swift in Sources */,
				75A8117C7FE2ED2D81CFC7A0 /* Date+toTimerInterval.swift in Sources */,
				D239CA8A433CD939829DBC10 /* DecorationStyle.swift in Sources */,
				6913CB6A447B1217CBB711C0 /* DemoLynxProvider.swift in Sources */,
				5EBF751190A1260124A8FF30 /* DisclosureGroupParameters.swift in Sources */,
				0862EDAC1433FE0BEC3577FA /* DividerParameters.swift in Sources */,
				6A2143BEDDF018E10FBE654F /* FilledButtonParameters.swift in Sources */,
				A6000DE20C29FF1690966FAC /* FlexContainerHelper.swift in Sources */,
				1AF6F5C461835E1FE15945E7 /* FlexEnvironment.swift in Sources */,
				61E4A45F0095C4D6F2A4B988 /* FontVariant.swift in Sources */,
				3D88CB88980D308FB7B1415D /* FormParameters.swift in Sources */,
				CB82A002D445C690E7DA5EE4 /* GaugeParameters.swift in Sources */,
				8DCF634E235B6CC5EDAFD6B2 /* GlassContainerParameters.swift in Sources */,
				1BD8FF0E828F920FC77EBA38 /* GlassEffect.swift in Sources */,
				9239D9DAB4FBCC767C9A18E3 /* GroupBoxParameters.swift in Sources */,
				1A6438C5867B7ED9DBCD365B /* HSplitViewParameters.swift in Sources */,
				1D5C262681925027488B7B09 /* HStackParameters.swift in Sources */,
				56E87666385FE28CD80C9B00 /* ImageParameters.swift in Sources */,
				3516CBD30589EDF2DD100EB3 /* JSColorParser.swift in Sources */,
				248A97F12E48C458086FE22F /* JSGradientParser.swift in Sources */,
				5C0C9CFB4820173026D2B825 /* JSONValue.swift in Sources */,
				606599B473843243C8DC5243 /* JSStyleParser.swift in Sources */,
				9854AD08EF98EDC005510EB2 /* LabelParameters.swift in Sources */,
				D1CF55354E674B20A6A260D3 /* LayoutStyle.swift in Sources */,
				4507B95CAB63E010C70605DE /* LinearGradientParameters.swift in Sources */,
				125043F4A029A4F388EE42B2 /* LinearProgressViewParameters.swift in Sources */,
				8F5EC1193FD81B7A591543C4 /* LinkParameters.swift in Sources */,
				C06B8A4D5FFB67446ACB9144 /* ListParameters.swift in Sources */,
				1FAD314452553A2E95A19864 /* MaskParameters.swift in Sources */,
				5F825F4D8E1F9F484AE83CA5 /* NavigationViewParameters.swift in Sources */,
				EFE78BEC4373E3C6770D886C /* Overflow.swift in Sources */,
				9F1E265162F505DFB7538490 /* PickerParameters.swift in Sources */,
				0852E7DF4CA5A88809D8634A /* RenderingStyle.swift in Sources */,
				BCDCEE9B6991437ABB33AB57 /* ScrollViewParameters.swift in Sources */,
				BB010F87091A94222905FE06 /* ShortNames.swift in Sources */,
				C26E66DF7259DE083067BD7B /* SliderParameters.swift in Sources */,
				85055F6CF5FB20E79FE1372B /* SpacerParameters.swift in Sources */,
				645D0A6AFECA8BDDBE1407AD /* StyleConverter.swift in Sources */,
				E57B7B15238F8892E5F09DD4 /* SymbolParameters.swift in Sources */,
				99B58B24B9E297BEEE9C1EF2 /* TextDecoration.swift in Sources */,
				73718E7697A6A3DC84EA6C57 /* TextParameters.swift in Sources */,
				5A1C02EE84D740B216E74A2A /* TextStyle.swift in Sources */,
				A2583661B06701B14A9B69FD /* TimerParameters.swift in Sources */,
				9F60D26841A65D31847AA2A6 /* ToggleParameters.swift in Sources */,
				186576E3E8F8A5B45667C5B2 /* VSplitViewParameters.swift in Sources */,
				9C434BB1532A38E64A698FA6 /* VStackParameters.swift in Sources */,
				012A908F931882DD890614B2 /* View+applyStyle.swift in Sources */,
				884A8A22534255ACB006D5FC /* View.modifiers.swift in Sources */,
				C6E36F18A723D1CDCAF89184 /* ViewController.swift in Sources */,
				F24BC35753089C37B8CE2681 /* ViewParameters.swift in Sources */,
				F71103E9B6412452FBBFB470 /* Voltra.swift in Sources */,
				079A223121BB60F3A672A2A5 /* VoltraActivity.swift in Sources */,
				18BC756CA853DDE41A779A4C /* VoltraAttributes.swift in Sources */,
				D3A67C4272567CAB8D0C261E /* VoltraButton.swift in Sources */,
				9FD8E2E2EE52BCBA3754BA84 /* VoltraChart.swift in Sources */,
				142FA46ED230A6BA8829C530 /* VoltraCircularProgressView.swift in Sources */,
				85B8F0D149C7879C7F2185DF /* VoltraConfig.swift in Sources */,
				96E69CF1ED8C5AEA7A20271A /* VoltraConstants.swift in Sources */,
				2D316EC7DC9F98B88ABBEDF0 /* VoltraDeepLinkResolver.swift in Sources */,
				209BC4A7D662D239E1804352 /* VoltraDivider.swift in Sources */,
				42F45FBBA070DC114F17F636 /* VoltraElement.swift in Sources */,
				68489DB264B0D0C789F19C4C /* VoltraEvent.swift in Sources */,
				4B8EBF2E7C442E15E8F8D756 /* VoltraEventBus.swift in Sources */,
				5448A82CE35A3D7C754550E7 /* VoltraFlexStackLayout.swift in Sources */,
				2139BA088D13881E58D2C66D /* VoltraFlexView.swift in Sources */,
				AFC3178B5FECD9D603EB56C6 /* VoltraGauge.swift in Sources */,
				BF995E01A3348DC3B1B000CE /* VoltraGlassContainer.swift in Sources */,
				70570D332B945AEA515D92FA /* VoltraGroupBox.swift in Sources */,
				A200519D28F08BBC915A96AE /* VoltraHStack.swift in Sources */,
				2B5EE081387358EAFFAD5942 /* VoltraImage.swift in Sources */,
				8C1DDF592B6F778E35B420C6 /* VoltraImagePreload.swift in Sources */,
				5C3EE5209E16855C24024BCC /* VoltraImageStore.swift in Sources */,
				1E01E7E09DCD58DC5F04A9F0 /* VoltraInteractionIntent.swift in Sources */,
				FF6C33B085997C9BA154E78C /* VoltraKeychainHelper.swift in Sources */,
				D4DED96337CB76539F0AE23C /* VoltraLabel.swift in Sources */,
				B0DFC4F5D7EE5385975A1502 /* VoltraLinearGradient.swift in Sources */,
				84218E53EBEF1CB22131205E /* VoltraLinearProgressView.swift in Sources */,
				75D4B769965CC5D00B1DB10C /* VoltraLink.swift in Sources */,
				EC297B0863D799B967DC7ED0 /* VoltraLiveActivityManager.swift in Sources */,
				7F2170D9DF822998083C78D2 /* VoltraLiveActivityPayload.swift in Sources */,
				41A2C560255CA5C088A749C7 /* VoltraLiveActivityService.swift in Sources */,
				FF417CA3CDF6837BD09D1EE5 /* VoltraLogger.swift in Sources */,
				2F19DF86185DAFCD023D388E /* VoltraLynxModule.swift in Sources */,
				F4B0839B765A73EFB323F2B7 /* VoltraMask.swift in Sources */,
				76AD67EBACF732B597E25208 /* VoltraModuleImpl.swift in Sources */,
				213B052E10EAC0E786C2AB07 /* VoltraNode+Parameters.swift in Sources */,
				FC9F2F810E04BB663A98B1F8 /* VoltraNode.swift in Sources */,
				093FE60767117BD50E11D090 /* VoltraOptions.swift in Sources */,
				197F07A6CD95F2F9BEA7E78B /* VoltraPayloadMigrator.swift in Sources */,
				5977150BCC42FD9EB15580FF /* VoltraPersistentEventQueue.swift in Sources */,
				98307D098AFF77EACD5A5D1D /* VoltraProgressDriver.swift in Sources */,
				6C4F07F7220C7BC1F524E1DD /* VoltraRefreshIntent.swift in Sources */,
				26307435B80FAE364AD399E6 /* VoltraRegion.swift in Sources */,
				3C1AE624BFA0B19821179B72 /* VoltraSpacer.swift in Sources */,
				A222F3F8A36EC891CB9EE798 /* VoltraSymbol.swift in Sources */,
				1EAAD47A2B5612FDCD7E0CAF /* VoltraText.swift in Sources */,
				678E0C9DAAE587EA54C372F5 /* VoltraTimer.swift in Sources */,
				34CB6DFAEBF796200AFF87D5 /* VoltraToggle.swift in Sources */,
				3C4B8C1BCBD633B43EE8A8C6 /* VoltraVStack.swift in Sources */,
				A2D5899D8E90D956AB9372A9 /* VoltraView.swift in Sources */,
				A97E994456BB0C971693EA6D /* VoltraWidgetDefaults.swift in Sources */,
				C625DD22CD6DD8E69C87734D /* VoltraWidgetServerFetcher.swift in Sources */,
				481FF0087257A5BF5CBA0297 /* VoltraWidgetService.swift in Sources */,
				827440B1C7E796DB468AFC42 /* VoltraZStack.swift in Sources */,
				F64630B6B0994D807E4BE14D /* ZStackParameters.swift in Sources */,
			);
			runOnlyForDeploymentPostprocessing = 0;
		};
/* End PBXSourcesBuildPhase section */

/* Begin XCBuildConfiguration section */
		028AD5AB9CD9C6F96CA0A1F1 /* Debug */ = {
			isa = XCBuildConfiguration;
			baseConfigurationReference = 4EE4C2E2C95D12C69070276A /* Pods-LynxVoltra.debug.xcconfig */;
			buildSettings = {
				ASSETCATALOG_COMPILER_APPICON_NAME = AppIcon;
				CODE_SIGN_IDENTITY = "iPhone Developer";
				INFOPLIST_FILE = LynxVoltra/Info.plist;
				LD_RUNPATH_SEARCH_PATHS = (
					"$(inherited)",
					"@executable_path/Frameworks",
				);
				PRODUCT_BUNDLE_IDENTIFIER = com.voltra.lynx.demo;
				SDKROOT = iphoneos;
				SWIFT_OBJC_BRIDGING_HEADER = "LynxVoltra/LynxVoltra-Bridging-Header.h";
				TARGETED_DEVICE_FAMILY = "1,2";
			};
			name = Debug;
		};
		2F0B58923E424C19A2A2FA06 /* Release */ = {
			isa = XCBuildConfiguration;
			baseConfigurationReference = 2A2845C73371FFCC8D26208C /* Pods-LynxVoltra.release.xcconfig */;
			buildSettings = {
				ASSETCATALOG_COMPILER_APPICON_NAME = AppIcon;
				CODE_SIGN_IDENTITY = "iPhone Developer";
				INFOPLIST_FILE = LynxVoltra/Info.plist;
				LD_RUNPATH_SEARCH_PATHS = (
					"$(inherited)",
					"@executable_path/Frameworks",
				);
				PRODUCT_BUNDLE_IDENTIFIER = com.voltra.lynx.demo;
				SDKROOT = iphoneos;
				SWIFT_OBJC_BRIDGING_HEADER = "LynxVoltra/LynxVoltra-Bridging-Header.h";
				TARGETED_DEVICE_FAMILY = "1,2";
			};
			name = Release;
		};
		806FF538F4E21E280EB1E6C6 /* Release */ = {
			isa = XCBuildConfiguration;
			buildSettings = {
				ALWAYS_SEARCH_USER_PATHS = NO;
				CLANG_ANALYZER_NONNULL = YES;
				CLANG_ANALYZER_NUMBER_OBJECT_CONVERSION = YES_AGGRESSIVE;
				CLANG_CXX_LANGUAGE_STANDARD = "gnu++14";
				CLANG_CXX_LIBRARY = "libc++";
				CLANG_ENABLE_MODULES = YES;
				CLANG_ENABLE_OBJC_ARC = YES;
				CLANG_ENABLE_OBJC_WEAK = YES;
				CLANG_WARN_BLOCK_CAPTURE_AUTORELEASING = YES;
				CLANG_WARN_BOOL_CONVERSION = YES;
				CLANG_WARN_COMMA = YES;
				CLANG_WARN_CONSTANT_CONVERSION = YES;
				CLANG_WARN_DEPRECATED_OBJC_IMPLEMENTATIONS = YES;
				CLANG_WARN_DIRECT_OBJC_ISA_USAGE = YES_ERROR;
				CLANG_WARN_DOCUMENTATION_COMMENTS = YES;
				CLANG_WARN_EMPTY_BODY = YES;
				CLANG_WARN_ENUM_CONVERSION = YES;
				CLANG_WARN_INFINITE_RECURSION = YES;
				CLANG_WARN_INT_CONVERSION = YES;
				CLANG_WARN_NON_LITERAL_NULL_CONVERSION = YES;
				CLANG_WARN_OBJC_IMPLICIT_RETAIN_SELF = YES;
				CLANG_WARN_OBJC_LITERAL_CONVERSION = YES;
				CLANG_WARN_OBJC_ROOT_CLASS = YES_ERROR;
				CLANG_WARN_QUOTED_INCLUDE_IN_FRAMEWORK_HEADER = YES;
				CLANG_WARN_RANGE_LOOP_ANALYSIS = YES;
				CLANG_WARN_STRICT_PROTOTYPES = YES;
				CLANG_WARN_SUSPICIOUS_MOVE = YES;
				CLANG_WARN_UNGUARDED_AVAILABILITY = YES_AGGRESSIVE;
				CLANG_WARN_UNREACHABLE_CODE = YES;
				CLANG_WARN__DUPLICATE_METHOD_MATCH = YES;
				COPY_PHASE_STRIP = NO;
				DEBUG_INFORMATION_FORMAT = "dwarf-with-dsym";
				ENABLE_NS_ASSERTIONS = NO;
				ENABLE_STRICT_OBJC_MSGSEND = YES;
				GCC_C_LANGUAGE_STANDARD = gnu11;
				GCC_NO_COMMON_BLOCKS = YES;
				GCC_WARN_64_TO_32_BIT_CONVERSION = YES;
				GCC_WARN_ABOUT_RETURN_TYPE = YES_ERROR;
				GCC_WARN_UNDECLARED_SELECTOR = YES;
				GCC_WARN_UNINITIALIZED_AUTOS = YES_AGGRESSIVE;
				GCC_WARN_UNUSED_FUNCTION = YES;
				GCC_WARN_UNUSED_VARIABLE = YES;
				IPHONEOS_DEPLOYMENT_TARGET = 16.2;
				MTL_ENABLE_DEBUG_INFO = NO;
				MTL_FAST_MATH = YES;
				PRODUCT_NAME = "$(TARGET_NAME)";
				SDKROOT = iphoneos;
				SWIFT_COMPILATION_MODE = wholemodule;
				SWIFT_OPTIMIZATION_LEVEL = "-O";
				SWIFT_VERSION = 5.0;
				USER_SCRIPT_SANDBOXING = NO;
			};
			name = Release;
		};
		A8ABBA516EA86FB9DE14870B /* Debug */ = {
			isa = XCBuildConfiguration;
			buildSettings = {
				INFOPLIST_FILE = LynxVoltra/Voltra/target/Info.plist;
				LD_RUNPATH_SEARCH_PATHS = (
					"$(inherited)",
					"@executable_path/Frameworks",
					"@executable_path/../../Frameworks",
				);
				PRODUCT_BUNDLE_IDENTIFIER = com.voltra.lynx.demo.widget;
				SDKROOT = iphoneos;
				SWIFT_ACTIVE_COMPILATION_CONDITIONS = WIDGET_EXTENSION;
				TARGETED_DEVICE_FAMILY = "1,2";
			};
			name = Debug;
		};
		DB7025A5BE19C51303D40596 /* Release */ = {
			isa = XCBuildConfiguration;
			buildSettings = {
				INFOPLIST_FILE = LynxVoltra/Voltra/target/Info.plist;
				LD_RUNPATH_SEARCH_PATHS = (
					"$(inherited)",
					"@executable_path/Frameworks",
					"@executable_path/../../Frameworks",
				);
				PRODUCT_BUNDLE_IDENTIFIER = com.voltra.lynx.demo.widget;
				SDKROOT = iphoneos;
				SWIFT_ACTIVE_COMPILATION_CONDITIONS = WIDGET_EXTENSION;
				TARGETED_DEVICE_FAMILY = "1,2";
			};
			name = Release;
		};
		FE7C2E209F36225CD4F3F6BE /* Debug */ = {
			isa = XCBuildConfiguration;
			buildSettings = {
				ALWAYS_SEARCH_USER_PATHS = NO;
				CLANG_ANALYZER_NONNULL = YES;
				CLANG_ANALYZER_NUMBER_OBJECT_CONVERSION = YES_AGGRESSIVE;
				CLANG_CXX_LANGUAGE_STANDARD = "gnu++14";
				CLANG_CXX_LIBRARY = "libc++";
				CLANG_ENABLE_MODULES = YES;
				CLANG_ENABLE_OBJC_ARC = YES;
				CLANG_ENABLE_OBJC_WEAK = YES;
				CLANG_WARN_BLOCK_CAPTURE_AUTORELEASING = YES;
				CLANG_WARN_BOOL_CONVERSION = YES;
				CLANG_WARN_COMMA = YES;
				CLANG_WARN_CONSTANT_CONVERSION = YES;
				CLANG_WARN_DEPRECATED_OBJC_IMPLEMENTATIONS = YES;
				CLANG_WARN_DIRECT_OBJC_ISA_USAGE = YES_ERROR;
				CLANG_WARN_DOCUMENTATION_COMMENTS = YES;
				CLANG_WARN_EMPTY_BODY = YES;
				CLANG_WARN_ENUM_CONVERSION = YES;
				CLANG_WARN_INFINITE_RECURSION = YES;
				CLANG_WARN_INT_CONVERSION = YES;
				CLANG_WARN_NON_LITERAL_NULL_CONVERSION = YES;
				CLANG_WARN_OBJC_IMPLICIT_RETAIN_SELF = YES;
				CLANG_WARN_OBJC_LITERAL_CONVERSION = YES;
				CLANG_WARN_OBJC_ROOT_CLASS = YES_ERROR;
				CLANG_WARN_QUOTED_INCLUDE_IN_FRAMEWORK_HEADER = YES;
				CLANG_WARN_RANGE_LOOP_ANALYSIS = YES;
				CLANG_WARN_STRICT_PROTOTYPES = YES;
				CLANG_WARN_SUSPICIOUS_MOVE = YES;
				CLANG_WARN_UNGUARDED_AVAILABILITY = YES_AGGRESSIVE;
				CLANG_WARN_UNREACHABLE_CODE = YES;
				CLANG_WARN__DUPLICATE_METHOD_MATCH = YES;
				COPY_PHASE_STRIP = NO;
				DEBUG_INFORMATION_FORMAT = dwarf;
				ENABLE_STRICT_OBJC_MSGSEND = YES;
				ENABLE_TESTABILITY = YES;
				GCC_C_LANGUAGE_STANDARD = gnu11;
				GCC_DYNAMIC_NO_PIC = NO;
				GCC_NO_COMMON_BLOCKS = YES;
				GCC_OPTIMIZATION_LEVEL = 0;
				GCC_PREPROCESSOR_DEFINITIONS = (
					"$(inherited)",
					"DEBUG=1",
				);
				GCC_WARN_64_TO_32_BIT_CONVERSION = YES;
				GCC_WARN_ABOUT_RETURN_TYPE = YES_ERROR;
				GCC_WARN_UNDECLARED_SELECTOR = YES;
				GCC_WARN_UNINITIALIZED_AUTOS = YES_AGGRESSIVE;
				GCC_WARN_UNUSED_FUNCTION = YES;
				GCC_WARN_UNUSED_VARIABLE = YES;
				IPHONEOS_DEPLOYMENT_TARGET = 16.2;
				MTL_ENABLE_DEBUG_INFO = INCLUDE_SOURCE;
				MTL_FAST_MATH = YES;
				ONLY_ACTIVE_ARCH = YES;
				PRODUCT_NAME = "$(TARGET_NAME)";
				SDKROOT = iphoneos;
				SWIFT_ACTIVE_COMPILATION_CONDITIONS = DEBUG;
				SWIFT_OPTIMIZATION_LEVEL = "-Onone";
				SWIFT_VERSION = 5.0;
				USER_SCRIPT_SANDBOXING = NO;
			};
			name = Debug;
		};
/* End XCBuildConfiguration section */

/* Begin XCConfigurationList section */
		CC35C487C9F1E0193E12169B /* Build configuration list for PBXNativeTarget "LynxVoltra" */ = {
			isa = XCConfigurationList;
			buildConfigurations = (
				028AD5AB9CD9C6F96CA0A1F1 /* Debug */,
				2F0B58923E424C19A2A2FA06 /* Release */,
			);
			defaultConfigurationIsVisible = 0;
			defaultConfigurationName = Debug;
		};
		DE2ABA97B1314B7CD47B67B8 /* Build configuration list for PBXProject "LynxVoltra" */ = {
			isa = XCConfigurationList;
			buildConfigurations = (
				FE7C2E209F36225CD4F3F6BE /* Debug */,
				806FF538F4E21E280EB1E6C6 /* Release */,
			);
			defaultConfigurationIsVisible = 0;
			defaultConfigurationName = Debug;
		};
		FE934D113F3199AE50B49123 /* Build configuration list for PBXNativeTarget "VoltraWidgetExtension" */ = {
			isa = XCConfigurationList;
			buildConfigurations = (
				A8ABBA516EA86FB9DE14870B /* Debug */,
				DB7025A5BE19C51303D40596 /* Release */,
			);
			defaultConfigurationIsVisible = 0;
			defaultConfigurationName = Debug;
		};
/* End XCConfigurationList section */
	};
	rootObject = 7AB3D0562717EEC6B4D75EF3 /* Project object */;
}
